// !$*UTF8*$!
{
	archiveVersion = 1;
	classes = {
	};
	objectVersion = 51;
	objects = {

/* Begin PBXBuildFile section */
		17CB3A8931EDEE246777A9B5 /* Pods_Giftrip_GiftripUITests.framework in Frameworks */ = {isa = PBXBuildFile; fileRef = 68511CB45661F5078F355C32 /* Pods_Giftrip_GiftripUITests.framework */; };
		7777A14F58B87A751E5A4957 /* Pods_Giftrip.framework in Frameworks */ = {isa = PBXBuildFile; fileRef = 9536DFD7786B9EF7F5123A93 /* Pods_Giftrip.framework */; };
		A1E414AB3D903A4231855CFC /* Pods_GiftripTests.framework in Frameworks */ = {isa = PBXBuildFile; fileRef = DD313B1DE6080E278DEF0A39 /* Pods_GiftripTests.framework */; };
		F22ACDA6262FE47E0070781D /* AuthService.swift in Sources */ = {isa = PBXBuildFile; fileRef = F22ACDA5262FE47D0070781D /* AuthService.swift */; };
		F22ACDB3262FF4B70070781D /* GiftripAPI.swift in Sources */ = {isa = PBXBuildFile; fileRef = F22ACDB2262FF4B70070781D /* GiftripAPI.swift */; };
		F22ACDB8263022180070781D /* User.swift in Sources */ = {isa = PBXBuildFile; fileRef = F22ACDB7263022180070781D /* User.swift */; };
		F22ACDE026314D940070781D /* UserService.swift in Sources */ = {isa = PBXBuildFile; fileRef = F22ACDDF26314D940070781D /* UserService.swift */; };
		F2350A7426340B9E000C523B /* AuthAPI.swift in Sources */ = {isa = PBXBuildFile; fileRef = F2350A7326340B9E000C523B /* AuthAPI.swift */; };
		F2429BC0262D5D3B009FD306 /* .swiftlint.yml in Resources */ = {isa = PBXBuildFile; fileRef = F2429BBF262D5D3B009FD306 /* .swiftlint.yml */; };
		F2429BC8262D5DB8009FD306 /* R.generated.swift in Sources */ = {isa = PBXBuildFile; fileRef = F2429BC7262D5DB8009FD306 /* R.generated.swift */; };
		F2429BF1262D60A1009FD306 /* Preview.swift in Sources */ = {isa = PBXBuildFile; fileRef = F2429BF0262D60A1009FD306 /* Preview.swift */; };
		F2618514262D4C4F00EA707C /* AppDelegate.swift in Sources */ = {isa = PBXBuildFile; fileRef = F2618513262D4C4F00EA707C /* AppDelegate.swift */; };
		F261851D262D4C5100EA707C /* Assets.xcassets in Resources */ = {isa = PBXBuildFile; fileRef = F261851C262D4C5100EA707C /* Assets.xcassets */; };
		F2618520262D4C5100EA707C /* LaunchScreen.storyboard in Resources */ = {isa = PBXBuildFile; fileRef = F261851E262D4C5100EA707C /* LaunchScreen.storyboard */; };
		F261852B262D4C5100EA707C /* GiftripTests.swift in Sources */ = {isa = PBXBuildFile; fileRef = F261852A262D4C5100EA707C /* GiftripTests.swift */; };
		F2618536262D4C5100EA707C /* GiftripUITests.swift in Sources */ = {isa = PBXBuildFile; fileRef = F2618535262D4C5100EA707C /* GiftripUITests.swift */; };
		F279C6192643C2BF008EA8C4 /* Color.xcassets in Resources */ = {isa = PBXBuildFile; fileRef = F279C6182643C2BF008EA8C4 /* Color.xcassets */; };
		F279C61D2643CF19008EA8C4 /* AppFlow.swift in Sources */ = {isa = PBXBuildFile; fileRef = F279C61C2643CF19008EA8C4 /* AppFlow.swift */; };
		F279C61F2643CF2C008EA8C4 /* IntroFlow.swift in Sources */ = {isa = PBXBuildFile; fileRef = F279C61E2643CF2C008EA8C4 /* IntroFlow.swift */; };
		F279C6212643CF3F008EA8C4 /* TabBarViewController.swift in Sources */ = {isa = PBXBuildFile; fileRef = F279C6202643CF3F008EA8C4 /* TabBarViewController.swift */; };
		F279C6232643CF51008EA8C4 /* TabBarFlow.swift in Sources */ = {isa = PBXBuildFile; fileRef = F279C6222643CF51008EA8C4 /* TabBarFlow.swift */; };
		F279C6252643CF5D008EA8C4 /* HomeFlow.swift in Sources */ = {isa = PBXBuildFile; fileRef = F279C6242643CF5D008EA8C4 /* HomeFlow.swift */; };
		F279C6272643CF6E008EA8C4 /* RankFlow.swift in Sources */ = {isa = PBXBuildFile; fileRef = F279C6262643CF6E008EA8C4 /* RankFlow.swift */; };
		F279C6292643CFB1008EA8C4 /* SettingsFlow.swift in Sources */ = {isa = PBXBuildFile; fileRef = F279C6282643CFB1008EA8C4 /* SettingsFlow.swift */; };
		F279C62B2643CFCB008EA8C4 /* NotificationFlow.swift in Sources */ = {isa = PBXBuildFile; fileRef = F279C62A2643CFCB008EA8C4 /* NotificationFlow.swift */; };
		F279C62D2643DE34008EA8C4 /* GiftFlow.swift in Sources */ = {isa = PBXBuildFile; fileRef = F279C62C2643DE34008EA8C4 /* GiftFlow.swift */; };
		F279C6342643ED9F008EA8C4 /* SplashViewReactor.swift in Sources */ = {isa = PBXBuildFile; fileRef = F279C6322643ED9F008EA8C4 /* SplashViewReactor.swift */; };
		F279C6352643ED9F008EA8C4 /* SplashViewController.swift in Sources */ = {isa = PBXBuildFile; fileRef = F279C6332643ED9F008EA8C4 /* SplashViewController.swift */; };
		F279C6382643EDBC008EA8C4 /* IntroViewReactor.swift in Sources */ = {isa = PBXBuildFile; fileRef = F279C6362643EDBC008EA8C4 /* IntroViewReactor.swift */; };
		F279C6392643EDBC008EA8C4 /* IntroViewController.swift in Sources */ = {isa = PBXBuildFile; fileRef = F279C6372643EDBC008EA8C4 /* IntroViewController.swift */; };
		F279C63C2643EDC5008EA8C4 /* LoginViewReactor.swift in Sources */ = {isa = PBXBuildFile; fileRef = F279C63A2643EDC5008EA8C4 /* LoginViewReactor.swift */; };
		F279C63D2643EDC5008EA8C4 /* LoginViewController.swift in Sources */ = {isa = PBXBuildFile; fileRef = F279C63B2643EDC5008EA8C4 /* LoginViewController.swift */; };
		F279C6442643EE0C008EA8C4 /* RegisterPhoneViewReactor.swift in Sources */ = {isa = PBXBuildFile; fileRef = F279C6422643EE0C008EA8C4 /* RegisterPhoneViewReactor.swift */; };
		F279C6452643EE0C008EA8C4 /* RegisterPhoneViewController.swift in Sources */ = {isa = PBXBuildFile; fileRef = F279C6432643EE0C008EA8C4 /* RegisterPhoneViewController.swift */; };
		F279C6482643EE17008EA8C4 /* RegisterInfoViewReactor.swift in Sources */ = {isa = PBXBuildFile; fileRef = F279C6462643EE17008EA8C4 /* RegisterInfoViewReactor.swift */; };
		F279C6492643EE17008EA8C4 /* RegisterInfoViewController.swift in Sources */ = {isa = PBXBuildFile; fileRef = F279C6472643EE17008EA8C4 /* RegisterInfoViewController.swift */; };
		F279C64B2643FBE2008EA8C4 /* CGFloatLiteral.swift in Sources */ = {isa = PBXBuildFile; fileRef = F279C64A2643FBE2008EA8C4 /* CGFloatLiteral.swift */; };
		F279C64D2643FBFF008EA8C4 /* UIViewControllerPreview.swift in Sources */ = {isa = PBXBuildFile; fileRef = F279C64C2643FBFF008EA8C4 /* UIViewControllerPreview.swift */; };
		F279C64F2643FC17008EA8C4 /* UIViewPreview.swift in Sources */ = {isa = PBXBuildFile; fileRef = F279C64E2643FC17008EA8C4 /* UIViewPreview.swift */; };
		F279C6512643FC34008EA8C4 /* HapticFeedback.swift in Sources */ = {isa = PBXBuildFile; fileRef = F279C6502643FC34008EA8C4 /* HapticFeedback.swift */; };
		F279C6532643FC48008EA8C4 /* Message.swift in Sources */ = {isa = PBXBuildFile; fileRef = F279C6522643FC48008EA8C4 /* Message.swift */; };
		F279C6552643FC5D008EA8C4 /* ValidationResult.swift in Sources */ = {isa = PBXBuildFile; fileRef = F279C6542643FC5D008EA8C4 /* ValidationResult.swift */; };
		F279C6572644066B008EA8C4 /* GiftripPlainButton.swift in Sources */ = {isa = PBXBuildFile; fileRef = F279C6562644066B008EA8C4 /* GiftripPlainButton.swift */; };
		F279C65B26440A65008EA8C4 /* PrivacyPolicyViewReactor.swift in Sources */ = {isa = PBXBuildFile; fileRef = F279C65926440A65008EA8C4 /* PrivacyPolicyViewReactor.swift */; };
		F279C65C26440A65008EA8C4 /* PrivacyPolicyViewController.swift in Sources */ = {isa = PBXBuildFile; fileRef = F279C65A26440A65008EA8C4 /* PrivacyPolicyViewController.swift */; };
		F279C65E26440CF2008EA8C4 /* GiftripTextField.swift in Sources */ = {isa = PBXBuildFile; fileRef = F279C65D26440CF2008EA8C4 /* GiftripTextField.swift */; };
		F2A46432262D753F00D4238E /* BaseViewController.swift in Sources */ = {isa = PBXBuildFile; fileRef = F2A46431262D753F00D4238E /* BaseViewController.swift */; };
		F2A4647E262D791E00D4238E /* GiftripStep.swift in Sources */ = {isa = PBXBuildFile; fileRef = F2A4647D262D791E00D4238E /* GiftripStep.swift */; };
		F2A46499262DA07200D4238E /* BaseAPI.swift in Sources */ = {isa = PBXBuildFile; fileRef = F2A46498262DA07200D4238E /* BaseAPI.swift */; };
		F2A464A1262DA07900D4238E /* Network.swift in Sources */ = {isa = PBXBuildFile; fileRef = F2A464A0262DA07900D4238E /* Network.swift */; };
		F2A464A7262DA1A200D4238E /* RequestLoggingPlugin.swift in Sources */ = {isa = PBXBuildFile; fileRef = F2A464A6262DA1A200D4238E /* RequestLoggingPlugin.swift */; };
		F2A464B5262DA6F600D4238E /* AuthPlugin.swift in Sources */ = {isa = PBXBuildFile; fileRef = F2A464B4262DA6F600D4238E /* AuthPlugin.swift */; };
		F2A464BB262E65F300D4238E /* Token.swift in Sources */ = {isa = PBXBuildFile; fileRef = F2A464BA262E65F300D4238E /* Token.swift */; };
		F2A464C0262E682300D4238E /* ModelType.swift in Sources */ = {isa = PBXBuildFile; fileRef = F2A464BF262E682300D4238E /* ModelType.swift */; };
		F2A464D0262E76D600D4238E /* AppServices.swift in Sources */ = {isa = PBXBuildFile; fileRef = F2A464CF262E76D600D4238E /* AppServices.swift */; };
		F2A5C825266E0ACC0075F351 /* SpotService.swift in Sources */ = {isa = PBXBuildFile; fileRef = F2A5C824266E0ACC0075F351 /* SpotService.swift */; };
		F2A5C827266E179C0075F351 /* Quiz.swift in Sources */ = {isa = PBXBuildFile; fileRef = F2A5C826266E179C0075F351 /* Quiz.swift */; };
		F2A5C829266E195A0075F351 /* QuizResult.swift in Sources */ = {isa = PBXBuildFile; fileRef = F2A5C828266E195A0075F351 /* QuizResult.swift */; };
		F2A5C82B266E52E20075F351 /* Spot.swift in Sources */ = {isa = PBXBuildFile; fileRef = F2A5C82A266E52E20075F351 /* Spot.swift */; };
		F2A5C82D266E55620075F351 /* List.swift in Sources */ = {isa = PBXBuildFile; fileRef = F2A5C82C266E55620075F351 /* List.swift */; };
		F2BEBBFD267597CC0007E50A /* HomeFocusView.swift in Sources */ = {isa = PBXBuildFile; fileRef = F2BEBBFC267597CC0007E50A /* HomeFocusView.swift */; };
		F2C09D1F266F0C050070A5DA /* BaseTableViewCell.swift in Sources */ = {isa = PBXBuildFile; fileRef = F2C09D1E266F0C050070A5DA /* BaseTableViewCell.swift */; };
		F2C09D21266F0D0F0070A5DA /* SpotListCell.swift in Sources */ = {isa = PBXBuildFile; fileRef = F2C09D20266F0D0F0070A5DA /* SpotListCell.swift */; };
		F2C09D23266F0DE80070A5DA /* SpotListCellReactor.swift in Sources */ = {isa = PBXBuildFile; fileRef = F2C09D22266F0DE80070A5DA /* SpotListCellReactor.swift */; };
		F2C09D26266F127D0070A5DA /* SpotListViewSection.swift in Sources */ = {isa = PBXBuildFile; fileRef = F2C09D25266F127D0070A5DA /* SpotListViewSection.swift */; };
		F2C09D28266F2ABE0070A5DA /* RefreshControl.swift in Sources */ = {isa = PBXBuildFile; fileRef = F2C09D27266F2ABE0070A5DA /* RefreshControl.swift */; };
		F2C09D2A266F5C570070A5DA /* UIScrollView+ScrollToBottom.swift in Sources */ = {isa = PBXBuildFile; fileRef = F2C09D29266F5C570070A5DA /* UIScrollView+ScrollToBottom.swift */; };
		F2C09D2D266F67F50070A5DA /* UIScrollView+Rx.swift in Sources */ = {isa = PBXBuildFile; fileRef = F2C09D2C266F67F50070A5DA /* UIScrollView+Rx.swift */; };
		F2D2FBB7265DED200010731F /* UIImageView+Kingfisher.swift in Sources */ = {isa = PBXBuildFile; fileRef = F2D2FBB6265DED200010731F /* UIImageView+Kingfisher.swift */; };
		F2D2FBBD265E0E5F0010731F /* KeyboardTopButton.swift in Sources */ = {isa = PBXBuildFile; fileRef = F2D2FBBC265E0E5F0010731F /* KeyboardTopButton.swift */; };
		F2D2FBC0265E18450010731F /* AuthCodeResponse.swift in Sources */ = {isa = PBXBuildFile; fileRef = F2D2FBBF265E18450010731F /* AuthCodeResponse.swift */; };
		F2D2FBC3265E2F3A0010731F /* HandleResponse.swift in Sources */ = {isa = PBXBuildFile; fileRef = F2D2FBC2265E2F3A0010731F /* HandleResponse.swift */; };
		F2D2FBC5265E2FB50010731F /* ErrorResponse.swift in Sources */ = {isa = PBXBuildFile; fileRef = F2D2FBC4265E2FB50010731F /* ErrorResponse.swift */; };
		F2D2FBC7265F1DCF0010731F /* DateFormatter.swift in Sources */ = {isa = PBXBuildFile; fileRef = F2D2FBC6265F1DCF0010731F /* DateFormatter.swift */; };
		F2D2FBCA265F35800010731F /* RegisterAuthCodeViewReactor.swift in Sources */ = {isa = PBXBuildFile; fileRef = F2D2FBC8265F35800010731F /* RegisterAuthCodeViewReactor.swift */; };
		F2D2FBCB265F35800010731F /* RegisterAuthCodeViewController.swift in Sources */ = {isa = PBXBuildFile; fileRef = F2D2FBC9265F35800010731F /* RegisterAuthCodeViewController.swift */; };
		F2D2FBD52664CECB0010731F /* HomeViewReactor.swift in Sources */ = {isa = PBXBuildFile; fileRef = F2D2FBD32664CECB0010731F /* HomeViewReactor.swift */; };
		F2D2FBD62664CECB0010731F /* HomeViewController.swift in Sources */ = {isa = PBXBuildFile; fileRef = F2D2FBD42664CECB0010731F /* HomeViewController.swift */; };
		F2D2FBD82664FC0E0010731F /* CourseSearchBarView.swift in Sources */ = {isa = PBXBuildFile; fileRef = F2D2FBD72664FC0E0010731F /* CourseSearchBarView.swift */; };
		F2D2FBDC26652F4F0010731F /* SpotListViewReactor.swift in Sources */ = {isa = PBXBuildFile; fileRef = F2D2FBDA26652F4F0010731F /* SpotListViewReactor.swift */; };
		F2D2FBDD26652F4F0010731F /* SpotListViewController.swift in Sources */ = {isa = PBXBuildFile; fileRef = F2D2FBDB26652F4F0010731F /* SpotListViewController.swift */; };
		F2D75663267356D00045F821 /* UITableView+Rx.swift in Sources */ = {isa = PBXBuildFile; fileRef = F2D75662267356D00045F821 /* UITableView+Rx.swift */; };
/* End PBXBuildFile section */

/* Begin PBXContainerItemProxy section */
		F2618527262D4C5100EA707C /* PBXContainerItemProxy */ = {
			isa = PBXContainerItemProxy;
			containerPortal = F2618508262D4C4F00EA707C /* Project object */;
			proxyType = 1;
			remoteGlobalIDString = F261850F262D4C4F00EA707C;
			remoteInfo = Giftrip;
		};
		F2618532262D4C5100EA707C /* PBXContainerItemProxy */ = {
			isa = PBXContainerItemProxy;
			containerPortal = F2618508262D4C4F00EA707C /* Project object */;
			proxyType = 1;
			remoteGlobalIDString = F261850F262D4C4F00EA707C;
			remoteInfo = Giftrip;
		};
/* End PBXContainerItemProxy section */

/* Begin PBXFileReference section */
		141F064760E7636752786F12 /* Pods-Giftrip-GiftripUITests.debug.xcconfig */ = {isa = PBXFileReference; includeInIndex = 1; lastKnownFileType = text.xcconfig; name = "Pods-Giftrip-GiftripUITests.debug.xcconfig"; path = "Target Support Files/Pods-Giftrip-GiftripUITests/Pods-Giftrip-GiftripUITests.debug.xcconfig"; sourceTree = "<group>"; };
		27B7557EF7245E0D9BA83773 /* Pods-GiftripTests.release.xcconfig */ = {isa = PBXFileReference; includeInIndex = 1; lastKnownFileType = text.xcconfig; name = "Pods-GiftripTests.release.xcconfig"; path = "Target Support Files/Pods-GiftripTests/Pods-GiftripTests.release.xcconfig"; sourceTree = "<group>"; };
		68511CB45661F5078F355C32 /* Pods_Giftrip_GiftripUITests.framework */ = {isa = PBXFileReference; explicitFileType = wrapper.framework; includeInIndex = 0; path = Pods_Giftrip_GiftripUITests.framework; sourceTree = BUILT_PRODUCTS_DIR; };
		687F4D9571E9CBE8643C43F7 /* Pods-Giftrip-GiftripUITests.release.xcconfig */ = {isa = PBXFileReference; includeInIndex = 1; lastKnownFileType = text.xcconfig; name = "Pods-Giftrip-GiftripUITests.release.xcconfig"; path = "Target Support Files/Pods-Giftrip-GiftripUITests/Pods-Giftrip-GiftripUITests.release.xcconfig"; sourceTree = "<group>"; };
		78FC2AD618736D19428AB189 /* Pods-GiftripTests.debug.xcconfig */ = {isa = PBXFileReference; includeInIndex = 1; lastKnownFileType = text.xcconfig; name = "Pods-GiftripTests.debug.xcconfig"; path = "Target Support Files/Pods-GiftripTests/Pods-GiftripTests.debug.xcconfig"; sourceTree = "<group>"; };
		89F50BA64AC3BF9CE28923D1 /* Pods-Giftrip.debug.xcconfig */ = {isa = PBXFileReference; includeInIndex = 1; lastKnownFileType = text.xcconfig; name = "Pods-Giftrip.debug.xcconfig"; path = "Target Support Files/Pods-Giftrip/Pods-Giftrip.debug.xcconfig"; sourceTree = "<group>"; };
		9536DFD7786B9EF7F5123A93 /* Pods_Giftrip.framework */ = {isa = PBXFileReference; explicitFileType = wrapper.framework; includeInIndex = 0; path = Pods_Giftrip.framework; sourceTree = BUILT_PRODUCTS_DIR; };
		DD313B1DE6080E278DEF0A39 /* Pods_GiftripTests.framework */ = {isa = PBXFileReference; explicitFileType = wrapper.framework; includeInIndex = 0; path = Pods_GiftripTests.framework; sourceTree = BUILT_PRODUCTS_DIR; };
		DD9FA1D50A63A2057F853D66 /* Pods-Giftrip.release.xcconfig */ = {isa = PBXFileReference; includeInIndex = 1; lastKnownFileType = text.xcconfig; name = "Pods-Giftrip.release.xcconfig"; path = "Target Support Files/Pods-Giftrip/Pods-Giftrip.release.xcconfig"; sourceTree = "<group>"; };
		DE0E70E245A6EB2B17207E15 /* Pods-Giftrip-GiftripTests.debug.xcconfig */ = {isa = PBXFileReference; includeInIndex = 1; lastKnownFileType = text.xcconfig; name = "Pods-Giftrip-GiftripTests.debug.xcconfig"; path = "Target Support Files/Pods-Giftrip-GiftripTests/Pods-Giftrip-GiftripTests.debug.xcconfig"; sourceTree = "<group>"; };
		F1F3FE96D5D2CC71ED6DC7AB /* Pods-Giftrip-GiftripTests.release.xcconfig */ = {isa = PBXFileReference; includeInIndex = 1; lastKnownFileType = text.xcconfig; name = "Pods-Giftrip-GiftripTests.release.xcconfig"; path = "Target Support Files/Pods-Giftrip-GiftripTests/Pods-Giftrip-GiftripTests.release.xcconfig"; sourceTree = "<group>"; };
		F22ACDA5262FE47D0070781D /* AuthService.swift */ = {isa = PBXFileReference; lastKnownFileType = sourcecode.swift; path = AuthService.swift; sourceTree = "<group>"; };
		F22ACDB2262FF4B70070781D /* GiftripAPI.swift */ = {isa = PBXFileReference; lastKnownFileType = sourcecode.swift; path = GiftripAPI.swift; sourceTree = "<group>"; };
		F22ACDB7263022180070781D /* User.swift */ = {isa = PBXFileReference; lastKnownFileType = sourcecode.swift; path = User.swift; sourceTree = "<group>"; };
		F22ACDDF26314D940070781D /* UserService.swift */ = {isa = PBXFileReference; lastKnownFileType = sourcecode.swift; path = UserService.swift; sourceTree = "<group>"; };
		F2350A7326340B9E000C523B /* AuthAPI.swift */ = {isa = PBXFileReference; lastKnownFileType = sourcecode.swift; path = AuthAPI.swift; sourceTree = "<group>"; };
		F2429BBF262D5D3B009FD306 /* .swiftlint.yml */ = {isa = PBXFileReference; fileEncoding = 4; lastKnownFileType = text.yaml; path = .swiftlint.yml; sourceTree = SOURCE_ROOT; };
		F2429BC7262D5DB8009FD306 /* R.generated.swift */ = {isa = PBXFileReference; fileEncoding = 4; lastKnownFileType = sourcecode.swift; path = R.generated.swift; sourceTree = SOURCE_ROOT; };
		F2429BF0262D60A1009FD306 /* Preview.swift */ = {isa = PBXFileReference; lastKnownFileType = sourcecode.swift; path = Preview.swift; sourceTree = "<group>"; };
		F2618510262D4C4F00EA707C /* Giftrip.app */ = {isa = PBXFileReference; explicitFileType = wrapper.application; includeInIndex = 0; path = Giftrip.app; sourceTree = BUILT_PRODUCTS_DIR; };
		F2618513262D4C4F00EA707C /* AppDelegate.swift */ = {isa = PBXFileReference; lastKnownFileType = sourcecode.swift; path = AppDelegate.swift; sourceTree = "<group>"; };
		F261851C262D4C5100EA707C /* Assets.xcassets */ = {isa = PBXFileReference; lastKnownFileType = folder.assetcatalog; path = Assets.xcassets; sourceTree = "<group>"; };
		F261851F262D4C5100EA707C /* Base */ = {isa = PBXFileReference; lastKnownFileType = file.storyboard; name = Base; path = Base.lproj/LaunchScreen.storyboard; sourceTree = "<group>"; };
		F2618521262D4C5100EA707C /* Info.plist */ = {isa = PBXFileReference; lastKnownFileType = text.plist.xml; path = Info.plist; sourceTree = "<group>"; };
		F2618526262D4C5100EA707C /* GiftripTests.xctest */ = {isa = PBXFileReference; explicitFileType = wrapper.cfbundle; includeInIndex = 0; path = GiftripTests.xctest; sourceTree = BUILT_PRODUCTS_DIR; };
		F261852A262D4C5100EA707C /* GiftripTests.swift */ = {isa = PBXFileReference; lastKnownFileType = sourcecode.swift; path = GiftripTests.swift; sourceTree = "<group>"; };
		F261852C262D4C5100EA707C /* Info.plist */ = {isa = PBXFileReference; lastKnownFileType = text.plist.xml; path = Info.plist; sourceTree = "<group>"; };
		F2618531262D4C5100EA707C /* GiftripUITests.xctest */ = {isa = PBXFileReference; explicitFileType = wrapper.cfbundle; includeInIndex = 0; path = GiftripUITests.xctest; sourceTree = BUILT_PRODUCTS_DIR; };
		F2618535262D4C5100EA707C /* GiftripUITests.swift */ = {isa = PBXFileReference; lastKnownFileType = sourcecode.swift; path = GiftripUITests.swift; sourceTree = "<group>"; };
		F2618537262D4C5100EA707C /* Info.plist */ = {isa = PBXFileReference; lastKnownFileType = text.plist.xml; path = Info.plist; sourceTree = "<group>"; };
		F279C6182643C2BF008EA8C4 /* Color.xcassets */ = {isa = PBXFileReference; lastKnownFileType = folder.assetcatalog; path = Color.xcassets; sourceTree = "<group>"; };
		F279C61C2643CF19008EA8C4 /* AppFlow.swift */ = {isa = PBXFileReference; lastKnownFileType = sourcecode.swift; path = AppFlow.swift; sourceTree = "<group>"; };
		F279C61E2643CF2C008EA8C4 /* IntroFlow.swift */ = {isa = PBXFileReference; lastKnownFileType = sourcecode.swift; path = IntroFlow.swift; sourceTree = "<group>"; };
		F279C6202643CF3F008EA8C4 /* TabBarViewController.swift */ = {isa = PBXFileReference; lastKnownFileType = sourcecode.swift; path = TabBarViewController.swift; sourceTree = "<group>"; };
		F279C6222643CF51008EA8C4 /* TabBarFlow.swift */ = {isa = PBXFileReference; lastKnownFileType = sourcecode.swift; path = TabBarFlow.swift; sourceTree = "<group>"; };
		F279C6242643CF5D008EA8C4 /* HomeFlow.swift */ = {isa = PBXFileReference; lastKnownFileType = sourcecode.swift; path = HomeFlow.swift; sourceTree = "<group>"; };
		F279C6262643CF6E008EA8C4 /* RankFlow.swift */ = {isa = PBXFileReference; lastKnownFileType = sourcecode.swift; path = RankFlow.swift; sourceTree = "<group>"; };
		F279C6282643CFB1008EA8C4 /* SettingsFlow.swift */ = {isa = PBXFileReference; lastKnownFileType = sourcecode.swift; path = SettingsFlow.swift; sourceTree = "<group>"; };
		F279C62A2643CFCB008EA8C4 /* NotificationFlow.swift */ = {isa = PBXFileReference; lastKnownFileType = sourcecode.swift; path = NotificationFlow.swift; sourceTree = "<group>"; };
		F279C62C2643DE34008EA8C4 /* GiftFlow.swift */ = {isa = PBXFileReference; lastKnownFileType = sourcecode.swift; path = GiftFlow.swift; sourceTree = "<group>"; };
		F279C6322643ED9F008EA8C4 /* SplashViewReactor.swift */ = {isa = PBXFileReference; lastKnownFileType = sourcecode.swift; path = SplashViewReactor.swift; sourceTree = "<group>"; };
		F279C6332643ED9F008EA8C4 /* SplashViewController.swift */ = {isa = PBXFileReference; lastKnownFileType = sourcecode.swift; path = SplashViewController.swift; sourceTree = "<group>"; };
		F279C6362643EDBC008EA8C4 /* IntroViewReactor.swift */ = {isa = PBXFileReference; lastKnownFileType = sourcecode.swift; path = IntroViewReactor.swift; sourceTree = "<group>"; };
		F279C6372643EDBC008EA8C4 /* IntroViewController.swift */ = {isa = PBXFileReference; lastKnownFileType = sourcecode.swift; path = IntroViewController.swift; sourceTree = "<group>"; };
		F279C63A2643EDC5008EA8C4 /* LoginViewReactor.swift */ = {isa = PBXFileReference; lastKnownFileType = sourcecode.swift; path = LoginViewReactor.swift; sourceTree = "<group>"; };
		F279C63B2643EDC5008EA8C4 /* LoginViewController.swift */ = {isa = PBXFileReference; lastKnownFileType = sourcecode.swift; path = LoginViewController.swift; sourceTree = "<group>"; };
		F279C6422643EE0C008EA8C4 /* RegisterPhoneViewReactor.swift */ = {isa = PBXFileReference; lastKnownFileType = sourcecode.swift; path = RegisterPhoneViewReactor.swift; sourceTree = "<group>"; };
		F279C6432643EE0C008EA8C4 /* RegisterPhoneViewController.swift */ = {isa = PBXFileReference; lastKnownFileType = sourcecode.swift; path = RegisterPhoneViewController.swift; sourceTree = "<group>"; };
		F279C6462643EE17008EA8C4 /* RegisterInfoViewReactor.swift */ = {isa = PBXFileReference; lastKnownFileType = sourcecode.swift; path = RegisterInfoViewReactor.swift; sourceTree = "<group>"; };
		F279C6472643EE17008EA8C4 /* RegisterInfoViewController.swift */ = {isa = PBXFileReference; lastKnownFileType = sourcecode.swift; path = RegisterInfoViewController.swift; sourceTree = "<group>"; };
		F279C64A2643FBE2008EA8C4 /* CGFloatLiteral.swift */ = {isa = PBXFileReference; lastKnownFileType = sourcecode.swift; path = CGFloatLiteral.swift; sourceTree = "<group>"; };
		F279C64C2643FBFF008EA8C4 /* UIViewControllerPreview.swift */ = {isa = PBXFileReference; lastKnownFileType = sourcecode.swift; path = UIViewControllerPreview.swift; sourceTree = "<group>"; };
		F279C64E2643FC17008EA8C4 /* UIViewPreview.swift */ = {isa = PBXFileReference; lastKnownFileType = sourcecode.swift; path = UIViewPreview.swift; sourceTree = "<group>"; };
		F279C6502643FC34008EA8C4 /* HapticFeedback.swift */ = {isa = PBXFileReference; lastKnownFileType = sourcecode.swift; path = HapticFeedback.swift; sourceTree = "<group>"; };
		F279C6522643FC48008EA8C4 /* Message.swift */ = {isa = PBXFileReference; lastKnownFileType = sourcecode.swift; path = Message.swift; sourceTree = "<group>"; };
		F279C6542643FC5D008EA8C4 /* ValidationResult.swift */ = {isa = PBXFileReference; lastKnownFileType = sourcecode.swift; path = ValidationResult.swift; sourceTree = "<group>"; };
		F279C6562644066B008EA8C4 /* GiftripPlainButton.swift */ = {isa = PBXFileReference; lastKnownFileType = sourcecode.swift; path = GiftripPlainButton.swift; sourceTree = "<group>"; };
		F279C65926440A65008EA8C4 /* PrivacyPolicyViewReactor.swift */ = {isa = PBXFileReference; lastKnownFileType = sourcecode.swift; path = PrivacyPolicyViewReactor.swift; sourceTree = "<group>"; };
		F279C65A26440A65008EA8C4 /* PrivacyPolicyViewController.swift */ = {isa = PBXFileReference; lastKnownFileType = sourcecode.swift; path = PrivacyPolicyViewController.swift; sourceTree = "<group>"; };
		F279C65D26440CF2008EA8C4 /* GiftripTextField.swift */ = {isa = PBXFileReference; lastKnownFileType = sourcecode.swift; path = GiftripTextField.swift; sourceTree = "<group>"; };
		F2A46431262D753F00D4238E /* BaseViewController.swift */ = {isa = PBXFileReference; lastKnownFileType = sourcecode.swift; path = BaseViewController.swift; sourceTree = "<group>"; };
		F2A4647D262D791E00D4238E /* GiftripStep.swift */ = {isa = PBXFileReference; lastKnownFileType = sourcecode.swift; path = GiftripStep.swift; sourceTree = "<group>"; };
		F2A46498262DA07200D4238E /* BaseAPI.swift */ = {isa = PBXFileReference; lastKnownFileType = sourcecode.swift; path = BaseAPI.swift; sourceTree = "<group>"; };
		F2A464A0262DA07900D4238E /* Network.swift */ = {isa = PBXFileReference; lastKnownFileType = sourcecode.swift; path = Network.swift; sourceTree = "<group>"; };
		F2A464A6262DA1A200D4238E /* RequestLoggingPlugin.swift */ = {isa = PBXFileReference; lastKnownFileType = sourcecode.swift; path = RequestLoggingPlugin.swift; sourceTree = "<group>"; };
		F2A464B4262DA6F600D4238E /* AuthPlugin.swift */ = {isa = PBXFileReference; lastKnownFileType = sourcecode.swift; path = AuthPlugin.swift; sourceTree = "<group>"; };
		F2A464BA262E65F300D4238E /* Token.swift */ = {isa = PBXFileReference; lastKnownFileType = sourcecode.swift; path = Token.swift; sourceTree = "<group>"; };
		F2A464BF262E682300D4238E /* ModelType.swift */ = {isa = PBXFileReference; lastKnownFileType = sourcecode.swift; path = ModelType.swift; sourceTree = "<group>"; };
		F2A464CF262E76D600D4238E /* AppServices.swift */ = {isa = PBXFileReference; lastKnownFileType = sourcecode.swift; path = AppServices.swift; sourceTree = "<group>"; };
		F2A5C824266E0ACC0075F351 /* SpotService.swift */ = {isa = PBXFileReference; lastKnownFileType = sourcecode.swift; path = SpotService.swift; sourceTree = "<group>"; };
		F2A5C826266E179C0075F351 /* Quiz.swift */ = {isa = PBXFileReference; lastKnownFileType = sourcecode.swift; path = Quiz.swift; sourceTree = "<group>"; };
		F2A5C828266E195A0075F351 /* QuizResult.swift */ = {isa = PBXFileReference; lastKnownFileType = sourcecode.swift; path = QuizResult.swift; sourceTree = "<group>"; };
		F2A5C82A266E52E20075F351 /* Spot.swift */ = {isa = PBXFileReference; lastKnownFileType = sourcecode.swift; path = Spot.swift; sourceTree = "<group>"; };
		F2A5C82C266E55620075F351 /* List.swift */ = {isa = PBXFileReference; lastKnownFileType = sourcecode.swift; path = List.swift; sourceTree = "<group>"; };
		F2BEBBFC267597CC0007E50A /* HomeFocusView.swift */ = {isa = PBXFileReference; lastKnownFileType = sourcecode.swift; path = HomeFocusView.swift; sourceTree = "<group>"; };
		F2C09D15266F09B70070A5DA /* Stubber.framework */ = {isa = PBXFileReference; explicitFileType = wrapper.framework; path = Stubber.framework; sourceTree = BUILT_PRODUCTS_DIR; };
		F2C09D17266F0AFE0070A5DA /* Nimble.framework */ = {isa = PBXFileReference; explicitFileType = wrapper.framework; path = Nimble.framework; sourceTree = BUILT_PRODUCTS_DIR; };
		F2C09D19266F0AFE0070A5DA /* Quick.framework */ = {isa = PBXFileReference; explicitFileType = wrapper.framework; path = Quick.framework; sourceTree = BUILT_PRODUCTS_DIR; };
		F2C09D1B266F0AFE0070A5DA /* Stubber.framework */ = {isa = PBXFileReference; explicitFileType = wrapper.framework; path = Stubber.framework; sourceTree = BUILT_PRODUCTS_DIR; };
		F2C09D1E266F0C050070A5DA /* BaseTableViewCell.swift */ = {isa = PBXFileReference; lastKnownFileType = sourcecode.swift; path = BaseTableViewCell.swift; sourceTree = "<group>"; };
		F2C09D20266F0D0F0070A5DA /* SpotListCell.swift */ = {isa = PBXFileReference; lastKnownFileType = sourcecode.swift; path = SpotListCell.swift; sourceTree = "<group>"; };
		F2C09D22266F0DE80070A5DA /* SpotListCellReactor.swift */ = {isa = PBXFileReference; lastKnownFileType = sourcecode.swift; path = SpotListCellReactor.swift; sourceTree = "<group>"; };
		F2C09D25266F127D0070A5DA /* SpotListViewSection.swift */ = {isa = PBXFileReference; lastKnownFileType = sourcecode.swift; path = SpotListViewSection.swift; sourceTree = "<group>"; };
		F2C09D27266F2ABE0070A5DA /* RefreshControl.swift */ = {isa = PBXFileReference; lastKnownFileType = sourcecode.swift; path = RefreshControl.swift; sourceTree = "<group>"; };
		F2C09D29266F5C570070A5DA /* UIScrollView+ScrollToBottom.swift */ = {isa = PBXFileReference; lastKnownFileType = sourcecode.swift; path = "UIScrollView+ScrollToBottom.swift"; sourceTree = "<group>"; };
		F2C09D2C266F67F50070A5DA /* UIScrollView+Rx.swift */ = {isa = PBXFileReference; lastKnownFileType = sourcecode.swift; path = "UIScrollView+Rx.swift"; sourceTree = "<group>"; };
		F2D2FBB6265DED200010731F /* UIImageView+Kingfisher.swift */ = {isa = PBXFileReference; lastKnownFileType = sourcecode.swift; path = "UIImageView+Kingfisher.swift"; sourceTree = "<group>"; };
		F2D2FBBC265E0E5F0010731F /* KeyboardTopButton.swift */ = {isa = PBXFileReference; lastKnownFileType = sourcecode.swift; path = KeyboardTopButton.swift; sourceTree = "<group>"; };
		F2D2FBBF265E18450010731F /* AuthCodeResponse.swift */ = {isa = PBXFileReference; lastKnownFileType = sourcecode.swift; path = AuthCodeResponse.swift; sourceTree = "<group>"; };
		F2D2FBC2265E2F3A0010731F /* HandleResponse.swift */ = {isa = PBXFileReference; lastKnownFileType = sourcecode.swift; path = HandleResponse.swift; sourceTree = "<group>"; };
		F2D2FBC4265E2FB50010731F /* ErrorResponse.swift */ = {isa = PBXFileReference; lastKnownFileType = sourcecode.swift; path = ErrorResponse.swift; sourceTree = "<group>"; };
		F2D2FBC6265F1DCF0010731F /* DateFormatter.swift */ = {isa = PBXFileReference; lastKnownFileType = sourcecode.swift; path = DateFormatter.swift; sourceTree = "<group>"; };
		F2D2FBC8265F35800010731F /* RegisterAuthCodeViewReactor.swift */ = {isa = PBXFileReference; lastKnownFileType = sourcecode.swift; path = RegisterAuthCodeViewReactor.swift; sourceTree = "<group>"; };
		F2D2FBC9265F35800010731F /* RegisterAuthCodeViewController.swift */ = {isa = PBXFileReference; lastKnownFileType = sourcecode.swift; path = RegisterAuthCodeViewController.swift; sourceTree = "<group>"; };
		F2D2FBD32664CECB0010731F /* HomeViewReactor.swift */ = {isa = PBXFileReference; lastKnownFileType = sourcecode.swift; path = HomeViewReactor.swift; sourceTree = "<group>"; };
		F2D2FBD42664CECB0010731F /* HomeViewController.swift */ = {isa = PBXFileReference; lastKnownFileType = sourcecode.swift; path = HomeViewController.swift; sourceTree = "<group>"; };
		F2D2FBD72664FC0E0010731F /* CourseSearchBarView.swift */ = {isa = PBXFileReference; lastKnownFileType = sourcecode.swift; path = CourseSearchBarView.swift; sourceTree = "<group>"; };
		F2D2FBDA26652F4F0010731F /* SpotListViewReactor.swift */ = {isa = PBXFileReference; lastKnownFileType = sourcecode.swift; path = SpotListViewReactor.swift; sourceTree = "<group>"; };
		F2D2FBDB26652F4F0010731F /* SpotListViewController.swift */ = {isa = PBXFileReference; lastKnownFileType = sourcecode.swift; path = SpotListViewController.swift; sourceTree = "<group>"; };
		F2D75662267356D00045F821 /* UITableView+Rx.swift */ = {isa = PBXFileReference; lastKnownFileType = sourcecode.swift; path = "UITableView+Rx.swift"; sourceTree = "<group>"; };
/* End PBXFileReference section */

/* Begin PBXFrameworksBuildPhase section */
		F261850D262D4C4F00EA707C /* Frameworks */ = {
			isa = PBXFrameworksBuildPhase;
			buildActionMask = 2147483647;
			files = (
				7777A14F58B87A751E5A4957 /* Pods_Giftrip.framework in Frameworks */,
			);
			runOnlyForDeploymentPostprocessing = 0;
		};
		F2618523262D4C5100EA707C /* Frameworks */ = {
			isa = PBXFrameworksBuildPhase;
			buildActionMask = 2147483647;
			files = (
				A1E414AB3D903A4231855CFC /* Pods_GiftripTests.framework in Frameworks */,
			);
			runOnlyForDeploymentPostprocessing = 0;
		};
		F261852E262D4C5100EA707C /* Frameworks */ = {
			isa = PBXFrameworksBuildPhase;
			buildActionMask = 2147483647;
			files = (
				17CB3A8931EDEE246777A9B5 /* Pods_Giftrip_GiftripUITests.framework in Frameworks */,
			);
			runOnlyForDeploymentPostprocessing = 0;
		};
/* End PBXFrameworksBuildPhase section */

/* Begin PBXGroup section */
		680D6BF665AD60975C95A718 /* Pods */ = {
			isa = PBXGroup;
			children = (
				89F50BA64AC3BF9CE28923D1 /* Pods-Giftrip.debug.xcconfig */,
				DD9FA1D50A63A2057F853D66 /* Pods-Giftrip.release.xcconfig */,
				DE0E70E245A6EB2B17207E15 /* Pods-Giftrip-GiftripTests.debug.xcconfig */,
				F1F3FE96D5D2CC71ED6DC7AB /* Pods-Giftrip-GiftripTests.release.xcconfig */,
				141F064760E7636752786F12 /* Pods-Giftrip-GiftripUITests.debug.xcconfig */,
				687F4D9571E9CBE8643C43F7 /* Pods-Giftrip-GiftripUITests.release.xcconfig */,
				78FC2AD618736D19428AB189 /* Pods-GiftripTests.debug.xcconfig */,
				27B7557EF7245E0D9BA83773 /* Pods-GiftripTests.release.xcconfig */,
			);
			path = Pods;
			sourceTree = "<group>";
		};
		93BAC323D6565BF7CB2BE19F /* Frameworks */ = {
			isa = PBXGroup;
			children = (
				F2C09D17266F0AFE0070A5DA /* Nimble.framework */,
				F2C09D19266F0AFE0070A5DA /* Quick.framework */,
				F2C09D1B266F0AFE0070A5DA /* Stubber.framework */,
				F2C09D15266F09B70070A5DA /* Stubber.framework */,
				9536DFD7786B9EF7F5123A93 /* Pods_Giftrip.framework */,
				68511CB45661F5078F355C32 /* Pods_Giftrip_GiftripUITests.framework */,
				DD313B1DE6080E278DEF0A39 /* Pods_GiftripTests.framework */,
			);
			name = Frameworks;
			sourceTree = "<group>";
		};
		F2618507262D4C4F00EA707C = {
			isa = PBXGroup;
			children = (
				F2618512262D4C4F00EA707C /* Giftrip */,
				F2618529262D4C5100EA707C /* GiftripTests */,
				F2618534262D4C5100EA707C /* GiftripUITests */,
				F2618511262D4C4F00EA707C /* Products */,
				680D6BF665AD60975C95A718 /* Pods */,
				93BAC323D6565BF7CB2BE19F /* Frameworks */,
			);
			sourceTree = "<group>";
		};
		F2618511262D4C4F00EA707C /* Products */ = {
			isa = PBXGroup;
			children = (
				F2618510262D4C4F00EA707C /* Giftrip.app */,
				F2618526262D4C5100EA707C /* GiftripTests.xctest */,
				F2618531262D4C5100EA707C /* GiftripUITests.xctest */,
			);
			name = Products;
			sourceTree = "<group>";
		};
		F2618512262D4C4F00EA707C /* Giftrip */ = {
			isa = PBXGroup;
			children = (
				F2429BF0262D60A1009FD306 /* Preview.swift */,
				F2618564262D545500EA707C /* Source */,
				F2618565262D547400EA707C /* Resource */,
				F2618566262D547D00EA707C /* SupportFile */,
			);
			path = Giftrip;
			sourceTree = "<group>";
		};
		F2618529262D4C5100EA707C /* GiftripTests */ = {
			isa = PBXGroup;
			children = (
				F261852A262D4C5100EA707C /* GiftripTests.swift */,
				F261852C262D4C5100EA707C /* Info.plist */,
			);
			path = GiftripTests;
			sourceTree = "<group>";
		};
		F2618534262D4C5100EA707C /* GiftripUITests */ = {
			isa = PBXGroup;
			children = (
				F2618535262D4C5100EA707C /* GiftripUITests.swift */,
				F2618537262D4C5100EA707C /* Info.plist */,
			);
			path = GiftripUITests;
			sourceTree = "<group>";
		};
		F2618564262D545500EA707C /* Source */ = {
			isa = PBXGroup;
			children = (
				F2618513262D4C4F00EA707C /* AppDelegate.swift */,
				F2A464CF262E76D600D4238E /* AppServices.swift */,
				F2A4642C262D73DC00D4238E /* Flow */,
				F2C09D24266F122B0070A5DA /* Section */,
				F2618571262D54C700EA707C /* ViewController */,
				F2618570262D54C200EA707C /* View */,
				F2618575262D54E400EA707C /* Model */,
				F2618572262D54CB00EA707C /* Service */,
				F2618573262D54D300EA707C /* Network */,
				F2618574262D54DD00EA707C /* Util */,
			);
			path = Source;
			sourceTree = "<group>";
		};
		F2618565262D547400EA707C /* Resource */ = {
			isa = PBXGroup;
			children = (
				F261851C262D4C5100EA707C /* Assets.xcassets */,
				F279C6182643C2BF008EA8C4 /* Color.xcassets */,
				F261851E262D4C5100EA707C /* LaunchScreen.storyboard */,
			);
			path = Resource;
			sourceTree = "<group>";
		};
		F2618566262D547D00EA707C /* SupportFile */ = {
			isa = PBXGroup;
			children = (
				F2618521262D4C5100EA707C /* Info.plist */,
				F2429BC7262D5DB8009FD306 /* R.generated.swift */,
				F2429BBF262D5D3B009FD306 /* .swiftlint.yml */,
			);
			path = SupportFile;
			sourceTree = "<group>";
		};
		F2618570262D54C200EA707C /* View */ = {
			isa = PBXGroup;
			children = (
				F2D2FBBB265E0E480010731F /* Base */,
				F2C09D1D266F0BD60070A5DA /* TableView */,
				F2D2FBD72664FC0E0010731F /* CourseSearchBarView.swift */,
				F2BEBBFC267597CC0007E50A /* HomeFocusView.swift */,
			);
			path = View;
			sourceTree = "<group>";
		};
		F2618571262D54C700EA707C /* ViewController */ = {
			isa = PBXGroup;
			children = (
				F279C6202643CF3F008EA8C4 /* TabBarViewController.swift */,
				F2A46431262D753F00D4238E /* BaseViewController.swift */,
				F279C6312643EB5D008EA8C4 /* Splash */,
				F279C6302643EB52008EA8C4 /* Intro */,
				F279C65826440A31008EA8C4 /* PrivacyPolicy */,
				F279C62E2643EB48008EA8C4 /* Login */,
				F279C62F2643EB4E008EA8C4 /* Register */,
				F2D2FBD22664CE4C0010731F /* Home */,
				F2D2FBD926652F280010731F /* SpotList */,
			);
			path = ViewController;
			sourceTree = "<group>";
		};
		F2618572262D54CB00EA707C /* Service */ = {
			isa = PBXGroup;
			children = (
				F22ACDA5262FE47D0070781D /* AuthService.swift */,
				F22ACDDF26314D940070781D /* UserService.swift */,
				F2A5C824266E0ACC0075F351 /* SpotService.swift */,
			);
			path = Service;
			sourceTree = "<group>";
		};
		F2618573262D54D300EA707C /* Network */ = {
			isa = PBXGroup;
			children = (
				F2D2FBC2265E2F3A0010731F /* HandleResponse.swift */,
				F2A464A0262DA07900D4238E /* Network.swift */,
				F2A46493262D96D600D4238E /* API */,
				F2A464A5262DA18A00D4238E /* Plugin */,
			);
			path = Network;
			sourceTree = "<group>";
		};
		F2618574262D54DD00EA707C /* Util */ = {
			isa = PBXGroup;
			children = (
				F2C09D2B266F67E20070A5DA /* Rx */,
				F2D2FBC6265F1DCF0010731F /* DateFormatter.swift */,
				F279C64A2643FBE2008EA8C4 /* CGFloatLiteral.swift */,
				F279C64C2643FBFF008EA8C4 /* UIViewControllerPreview.swift */,
				F279C64E2643FC17008EA8C4 /* UIViewPreview.swift */,
				F279C6502643FC34008EA8C4 /* HapticFeedback.swift */,
				F279C6522643FC48008EA8C4 /* Message.swift */,
				F279C6542643FC5D008EA8C4 /* ValidationResult.swift */,
				F2D2FBB6265DED200010731F /* UIImageView+Kingfisher.swift */,
				F2C09D29266F5C570070A5DA /* UIScrollView+ScrollToBottom.swift */,
			);
			path = Util;
			sourceTree = "<group>";
		};
		F2618575262D54E400EA707C /* Model */ = {
			isa = PBXGroup;
			children = (
				F2A5C82C266E55620075F351 /* List.swift */,
				F2D2FBC4265E2FB50010731F /* ErrorResponse.swift */,
				F2D2FBBF265E18450010731F /* AuthCodeResponse.swift */,
				F2A5C826266E179C0075F351 /* Quiz.swift */,
				F2A5C828266E195A0075F351 /* QuizResult.swift */,
				F2A5C82A266E52E20075F351 /* Spot.swift */,
				F2A464BF262E682300D4238E /* ModelType.swift */,
				F2A464BA262E65F300D4238E /* Token.swift */,
				F22ACDB7263022180070781D /* User.swift */,
			);
			path = Model;
			sourceTree = "<group>";
		};
		F279C62E2643EB48008EA8C4 /* Login */ = {
			isa = PBXGroup;
			children = (
				F279C63A2643EDC5008EA8C4 /* LoginViewReactor.swift */,
				F279C63B2643EDC5008EA8C4 /* LoginViewController.swift */,
			);
			path = Login;
			sourceTree = "<group>";
		};
		F279C62F2643EB4E008EA8C4 /* Register */ = {
			isa = PBXGroup;
			children = (
				F279C6462643EE17008EA8C4 /* RegisterInfoViewReactor.swift */,
				F279C6472643EE17008EA8C4 /* RegisterInfoViewController.swift */,
				F279C6422643EE0C008EA8C4 /* RegisterPhoneViewReactor.swift */,
				F279C6432643EE0C008EA8C4 /* RegisterPhoneViewController.swift */,
				F2D2FBC8265F35800010731F /* RegisterAuthCodeViewReactor.swift */,
				F2D2FBC9265F35800010731F /* RegisterAuthCodeViewController.swift */,
			);
			path = Register;
			sourceTree = "<group>";
		};
		F279C6302643EB52008EA8C4 /* Intro */ = {
			isa = PBXGroup;
			children = (
				F279C6362643EDBC008EA8C4 /* IntroViewReactor.swift */,
				F279C6372643EDBC008EA8C4 /* IntroViewController.swift */,
			);
			path = Intro;
			sourceTree = "<group>";
		};
		F279C6312643EB5D008EA8C4 /* Splash */ = {
			isa = PBXGroup;
			children = (
				F279C6322643ED9F008EA8C4 /* SplashViewReactor.swift */,
				F279C6332643ED9F008EA8C4 /* SplashViewController.swift */,
			);
			path = Splash;
			sourceTree = "<group>";
		};
		F279C65826440A31008EA8C4 /* PrivacyPolicy */ = {
			isa = PBXGroup;
			children = (
				F279C65926440A65008EA8C4 /* PrivacyPolicyViewReactor.swift */,
				F279C65A26440A65008EA8C4 /* PrivacyPolicyViewController.swift */,
			);
			path = PrivacyPolicy;
			sourceTree = "<group>";
		};
		F2A4642C262D73DC00D4238E /* Flow */ = {
			isa = PBXGroup;
			children = (
				F2A4647D262D791E00D4238E /* GiftripStep.swift */,
				F279C61C2643CF19008EA8C4 /* AppFlow.swift */,
				F279C61E2643CF2C008EA8C4 /* IntroFlow.swift */,
				F279C6222643CF51008EA8C4 /* TabBarFlow.swift */,
				F279C6242643CF5D008EA8C4 /* HomeFlow.swift */,
				F279C6262643CF6E008EA8C4 /* RankFlow.swift */,
				F279C62C2643DE34008EA8C4 /* GiftFlow.swift */,
				F279C62A2643CFCB008EA8C4 /* NotificationFlow.swift */,
				F279C6282643CFB1008EA8C4 /* SettingsFlow.swift */,
			);
			path = Flow;
			sourceTree = "<group>";
		};
		F2A46493262D96D600D4238E /* API */ = {
			isa = PBXGroup;
			children = (
				F2A46498262DA07200D4238E /* BaseAPI.swift */,
				F2350A7326340B9E000C523B /* AuthAPI.swift */,
				F22ACDB2262FF4B70070781D /* GiftripAPI.swift */,
			);
			path = API;
			sourceTree = "<group>";
		};
		F2A464A5262DA18A00D4238E /* Plugin */ = {
			isa = PBXGroup;
			children = (
				F2A464A6262DA1A200D4238E /* RequestLoggingPlugin.swift */,
				F2A464B4262DA6F600D4238E /* AuthPlugin.swift */,
			);
			path = Plugin;
			sourceTree = "<group>";
		};
		F2C09D1D266F0BD60070A5DA /* TableView */ = {
			isa = PBXGroup;
			children = (
				F2C09D1E266F0C050070A5DA /* BaseTableViewCell.swift */,
				F2C09D20266F0D0F0070A5DA /* SpotListCell.swift */,
				F2C09D22266F0DE80070A5DA /* SpotListCellReactor.swift */,
			);
			path = TableView;
			sourceTree = "<group>";
		};
		F2C09D24266F122B0070A5DA /* Section */ = {
			isa = PBXGroup;
			children = (
				F2C09D25266F127D0070A5DA /* SpotListViewSection.swift */,
			);
			path = Section;
			sourceTree = "<group>";
		};
		F2C09D2B266F67E20070A5DA /* Rx */ = {
			isa = PBXGroup;
			children = (
				F2C09D2C266F67F50070A5DA /* UIScrollView+Rx.swift */,
				F2D75662267356D00045F821 /* UITableView+Rx.swift */,
			);
			path = Rx;
			sourceTree = "<group>";
		};
		F2D2FBBB265E0E480010731F /* Base */ = {
			isa = PBXGroup;
			children = (
				F279C6562644066B008EA8C4 /* GiftripPlainButton.swift */,
				F279C65D26440CF2008EA8C4 /* GiftripTextField.swift */,
				F2D2FBBC265E0E5F0010731F /* KeyboardTopButton.swift */,
				F2C09D27266F2ABE0070A5DA /* RefreshControl.swift */,
			);
			path = Base;
			sourceTree = "<group>";
		};
		F2D2FBD22664CE4C0010731F /* Home */ = {
			isa = PBXGroup;
			children = (
				F2D2FBD32664CECB0010731F /* HomeViewReactor.swift */,
				F2D2FBD42664CECB0010731F /* HomeViewController.swift */,
			);
			path = Home;
			sourceTree = "<group>";
		};
		F2D2FBD926652F280010731F /* SpotList */ = {
			isa = PBXGroup;
			children = (
				F2D2FBDA26652F4F0010731F /* SpotListViewReactor.swift */,
				F2D2FBDB26652F4F0010731F /* SpotListViewController.swift */,
			);
			path = SpotList;
			sourceTree = "<group>";
		};
/* End PBXGroup section */

/* Begin PBXNativeTarget section */
		F261850F262D4C4F00EA707C /* Giftrip */ = {
			isa = PBXNativeTarget;
			buildConfigurationList = F261853A262D4C5100EA707C /* Build configuration list for PBXNativeTarget "Giftrip" */;
			buildPhases = (
				5EBE8BBFB2AD74E1D6500490 /* [CP] Check Pods Manifest.lock */,
				F261857C262D561400EA707C /* R.swift */,
				F261857D262D561F00EA707C /* SwiftLint */,
				F261850C262D4C4F00EA707C /* Sources */,
				F261850D262D4C4F00EA707C /* Frameworks */,
				F261850E262D4C4F00EA707C /* Resources */,
				201FC71CAE7A7A4B824F7B54 /* [CP] Embed Pods Frameworks */,
				B951F7E1813CAE14366EB35F /* [CP] Copy Pods Resources */,
			);
			buildRules = (
			);
			dependencies = (
			);
			name = Giftrip;
			productName = Giftrip;
			productReference = F2618510262D4C4F00EA707C /* Giftrip.app */;
			productType = "com.apple.product-type.application";
		};
		F2618525262D4C5100EA707C /* GiftripTests */ = {
			isa = PBXNativeTarget;
			buildConfigurationList = F261853D262D4C5100EA707C /* Build configuration list for PBXNativeTarget "GiftripTests" */;
			buildPhases = (
				50AF9E029B21410948643DC0 /* [CP] Check Pods Manifest.lock */,
				F2618522262D4C5100EA707C /* Sources */,
				F2618523262D4C5100EA707C /* Frameworks */,
				F2618524262D4C5100EA707C /* Resources */,
				7E9DB3E80CABC385DC809849 /* [CP] Embed Pods Frameworks */,
			);
			buildRules = (
			);
			dependencies = (
				F2618528262D4C5100EA707C /* PBXTargetDependency */,
			);
			name = GiftripTests;
			productName = GiftripTests;
			productReference = F2618526262D4C5100EA707C /* GiftripTests.xctest */;
			productType = "com.apple.product-type.bundle.unit-test";
		};
		F2618530262D4C5100EA707C /* GiftripUITests */ = {
			isa = PBXNativeTarget;
			buildConfigurationList = F2618540262D4C5100EA707C /* Build configuration list for PBXNativeTarget "GiftripUITests" */;
			buildPhases = (
				6F89E7CE1D5E6EF3D0245D40 /* [CP] Check Pods Manifest.lock */,
				F261852D262D4C5100EA707C /* Sources */,
				F261852E262D4C5100EA707C /* Frameworks */,
				F261852F262D4C5100EA707C /* Resources */,
				08D19041F5BEDA858881DC8E /* [CP] Embed Pods Frameworks */,
				DB81F404FFBB44A01221DBBA /* [CP] Copy Pods Resources */,
			);
			buildRules = (
			);
			dependencies = (
				F2618533262D4C5100EA707C /* PBXTargetDependency */,
			);
			name = GiftripUITests;
			productName = GiftripUITests;
			productReference = F2618531262D4C5100EA707C /* GiftripUITests.xctest */;
			productType = "com.apple.product-type.bundle.ui-testing";
		};
/* End PBXNativeTarget section */

/* Begin PBXProject section */
		F2618508262D4C4F00EA707C /* Project object */ = {
			isa = PBXProject;
			attributes = {
				LastSwiftUpdateCheck = 1240;
				LastUpgradeCheck = 1240;
				TargetAttributes = {
					F261850F262D4C4F00EA707C = {
						CreatedOnToolsVersion = 12.4;
					};
					F2618525262D4C5100EA707C = {
						CreatedOnToolsVersion = 12.4;
						TestTargetID = F261850F262D4C4F00EA707C;
					};
					F2618530262D4C5100EA707C = {
						CreatedOnToolsVersion = 12.4;
						TestTargetID = F261850F262D4C4F00EA707C;
					};
				};
			};
			buildConfigurationList = F261850B262D4C4F00EA707C /* Build configuration list for PBXProject "Giftrip" */;
			compatibilityVersion = "Xcode 9.3";
			developmentRegion = en;
			hasScannedForEncodings = 0;
			knownRegions = (
				en,
				Base,
			);
			mainGroup = F2618507262D4C4F00EA707C;
			productRefGroup = F2618511262D4C4F00EA707C /* Products */;
			projectDirPath = "";
			projectRoot = "";
			targets = (
				F261850F262D4C4F00EA707C /* Giftrip */,
				F2618525262D4C5100EA707C /* GiftripTests */,
				F2618530262D4C5100EA707C /* GiftripUITests */,
			);
		};
/* End PBXProject section */

/* Begin PBXResourcesBuildPhase section */
		F261850E262D4C4F00EA707C /* Resources */ = {
			isa = PBXResourcesBuildPhase;
			buildActionMask = 2147483647;
			files = (
				F2429BC0262D5D3B009FD306 /* .swiftlint.yml in Resources */,
				F279C6192643C2BF008EA8C4 /* Color.xcassets in Resources */,
				F2618520262D4C5100EA707C /* LaunchScreen.storyboard in Resources */,
				F261851D262D4C5100EA707C /* Assets.xcassets in Resources */,
			);
			runOnlyForDeploymentPostprocessing = 0;
		};
		F2618524262D4C5100EA707C /* Resources */ = {
			isa = PBXResourcesBuildPhase;
			buildActionMask = 2147483647;
			files = (
			);
			runOnlyForDeploymentPostprocessing = 0;
		};
		F261852F262D4C5100EA707C /* Resources */ = {
			isa = PBXResourcesBuildPhase;
			buildActionMask = 2147483647;
			files = (
			);
			runOnlyForDeploymentPostprocessing = 0;
		};
/* End PBXResourcesBuildPhase section */

/* Begin PBXShellScriptBuildPhase section */
		08D19041F5BEDA858881DC8E /* [CP] Embed Pods Frameworks */ = {
			isa = PBXShellScriptBuildPhase;
			buildActionMask = 2147483647;
			files = (
			);
			inputFileListPaths = (
				"${PODS_ROOT}/Target Support Files/Pods-Giftrip-GiftripUITests/Pods-Giftrip-GiftripUITests-frameworks-${CONFIGURATION}-input-files.xcfilelist",
			);
			name = "[CP] Embed Pods Frameworks";
			outputFileListPaths = (
				"${PODS_ROOT}/Target Support Files/Pods-Giftrip-GiftripUITests/Pods-Giftrip-GiftripUITests-frameworks-${CONFIGURATION}-output-files.xcfilelist",
			);
			runOnlyForDeploymentPostprocessing = 0;
			shellPath = /bin/sh;
			shellScript = "\"${PODS_ROOT}/Target Support Files/Pods-Giftrip-GiftripUITests/Pods-Giftrip-GiftripUITests-frameworks.sh\"\n";
			showEnvVarsInLog = 0;
		};
		201FC71CAE7A7A4B824F7B54 /* [CP] Embed Pods Frameworks */ = {
			isa = PBXShellScriptBuildPhase;
			buildActionMask = 2147483647;
			files = (
			);
			inputFileListPaths = (
				"${PODS_ROOT}/Target Support Files/Pods-Giftrip/Pods-Giftrip-frameworks-${CONFIGURATION}-input-files.xcfilelist",
			);
			name = "[CP] Embed Pods Frameworks";
			outputFileListPaths = (
				"${PODS_ROOT}/Target Support Files/Pods-Giftrip/Pods-Giftrip-frameworks-${CONFIGURATION}-output-files.xcfilelist",
			);
			runOnlyForDeploymentPostprocessing = 0;
			shellPath = /bin/sh;
			shellScript = "\"${PODS_ROOT}/Target Support Files/Pods-Giftrip/Pods-Giftrip-frameworks.sh\"\n";
			showEnvVarsInLog = 0;
		};
		50AF9E029B21410948643DC0 /* [CP] Check Pods Manifest.lock */ = {
			isa = PBXShellScriptBuildPhase;
			buildActionMask = 2147483647;
			files = (
			);
			inputFileListPaths = (
			);
			inputPaths = (
				"${PODS_PODFILE_DIR_PATH}/Podfile.lock",
				"${PODS_ROOT}/Manifest.lock",
			);
			name = "[CP] Check Pods Manifest.lock";
			outputFileListPaths = (
			);
			outputPaths = (
				"$(DERIVED_FILE_DIR)/Pods-GiftripTests-checkManifestLockResult.txt",
			);
			runOnlyForDeploymentPostprocessing = 0;
			shellPath = /bin/sh;
			shellScript = "diff \"${PODS_PODFILE_DIR_PATH}/Podfile.lock\" \"${PODS_ROOT}/Manifest.lock\" > /dev/null\nif [ $? != 0 ] ; then\n    # print error to STDERR\n    echo \"error: The sandbox is not in sync with the Podfile.lock. Run 'pod install' or update your CocoaPods installation.\" >&2\n    exit 1\nfi\n# This output is used by Xcode 'outputs' to avoid re-running this script phase.\necho \"SUCCESS\" > \"${SCRIPT_OUTPUT_FILE_0}\"\n";
			showEnvVarsInLog = 0;
		};
		5EBE8BBFB2AD74E1D6500490 /* [CP] Check Pods Manifest.lock */ = {
			isa = PBXShellScriptBuildPhase;
			buildActionMask = 2147483647;
			files = (
			);
			inputFileListPaths = (
			);
			inputPaths = (
				"${PODS_PODFILE_DIR_PATH}/Podfile.lock",
				"${PODS_ROOT}/Manifest.lock",
			);
			name = "[CP] Check Pods Manifest.lock";
			outputFileListPaths = (
			);
			outputPaths = (
				"$(DERIVED_FILE_DIR)/Pods-Giftrip-checkManifestLockResult.txt",
			);
			runOnlyForDeploymentPostprocessing = 0;
			shellPath = /bin/sh;
			shellScript = "diff \"${PODS_PODFILE_DIR_PATH}/Podfile.lock\" \"${PODS_ROOT}/Manifest.lock\" > /dev/null\nif [ $? != 0 ] ; then\n    # print error to STDERR\n    echo \"error: The sandbox is not in sync with the Podfile.lock. Run 'pod install' or update your CocoaPods installation.\" >&2\n    exit 1\nfi\n# This output is used by Xcode 'outputs' to avoid re-running this script phase.\necho \"SUCCESS\" > \"${SCRIPT_OUTPUT_FILE_0}\"\n";
			showEnvVarsInLog = 0;
		};
		6F89E7CE1D5E6EF3D0245D40 /* [CP] Check Pods Manifest.lock */ = {
			isa = PBXShellScriptBuildPhase;
			buildActionMask = 2147483647;
			files = (
			);
			inputFileListPaths = (
			);
			inputPaths = (
				"${PODS_PODFILE_DIR_PATH}/Podfile.lock",
				"${PODS_ROOT}/Manifest.lock",
			);
			name = "[CP] Check Pods Manifest.lock";
			outputFileListPaths = (
			);
			outputPaths = (
				"$(DERIVED_FILE_DIR)/Pods-Giftrip-GiftripUITests-checkManifestLockResult.txt",
			);
			runOnlyForDeploymentPostprocessing = 0;
			shellPath = /bin/sh;
			shellScript = "diff \"${PODS_PODFILE_DIR_PATH}/Podfile.lock\" \"${PODS_ROOT}/Manifest.lock\" > /dev/null\nif [ $? != 0 ] ; then\n    # print error to STDERR\n    echo \"error: The sandbox is not in sync with the Podfile.lock. Run 'pod install' or update your CocoaPods installation.\" >&2\n    exit 1\nfi\n# This output is used by Xcode 'outputs' to avoid re-running this script phase.\necho \"SUCCESS\" > \"${SCRIPT_OUTPUT_FILE_0}\"\n";
			showEnvVarsInLog = 0;
		};
		7E9DB3E80CABC385DC809849 /* [CP] Embed Pods Frameworks */ = {
			isa = PBXShellScriptBuildPhase;
			buildActionMask = 2147483647;
			files = (
			);
			inputFileListPaths = (
				"${PODS_ROOT}/Target Support Files/Pods-GiftripTests/Pods-GiftripTests-frameworks-${CONFIGURATION}-input-files.xcfilelist",
			);
			name = "[CP] Embed Pods Frameworks";
			outputFileListPaths = (
				"${PODS_ROOT}/Target Support Files/Pods-GiftripTests/Pods-GiftripTests-frameworks-${CONFIGURATION}-output-files.xcfilelist",
			);
			runOnlyForDeploymentPostprocessing = 0;
			shellPath = /bin/sh;
			shellScript = "\"${PODS_ROOT}/Target Support Files/Pods-GiftripTests/Pods-GiftripTests-frameworks.sh\"\n";
			showEnvVarsInLog = 0;
		};
		B951F7E1813CAE14366EB35F /* [CP] Copy Pods Resources */ = {
			isa = PBXShellScriptBuildPhase;
			buildActionMask = 2147483647;
			files = (
			);
			inputFileListPaths = (
				"${PODS_ROOT}/Target Support Files/Pods-Giftrip/Pods-Giftrip-resources-${CONFIGURATION}-input-files.xcfilelist",
			);
			name = "[CP] Copy Pods Resources";
			outputFileListPaths = (
				"${PODS_ROOT}/Target Support Files/Pods-Giftrip/Pods-Giftrip-resources-${CONFIGURATION}-output-files.xcfilelist",
			);
			runOnlyForDeploymentPostprocessing = 0;
			shellPath = /bin/sh;
			shellScript = "\"${PODS_ROOT}/Target Support Files/Pods-Giftrip/Pods-Giftrip-resources.sh\"\n";
			showEnvVarsInLog = 0;
		};
		DB81F404FFBB44A01221DBBA /* [CP] Copy Pods Resources */ = {
			isa = PBXShellScriptBuildPhase;
			buildActionMask = 2147483647;
			files = (
			);
			inputFileListPaths = (
				"${PODS_ROOT}/Target Support Files/Pods-Giftrip-GiftripUITests/Pods-Giftrip-GiftripUITests-resources-${CONFIGURATION}-input-files.xcfilelist",
			);
			name = "[CP] Copy Pods Resources";
			outputFileListPaths = (
				"${PODS_ROOT}/Target Support Files/Pods-Giftrip-GiftripUITests/Pods-Giftrip-GiftripUITests-resources-${CONFIGURATION}-output-files.xcfilelist",
			);
			runOnlyForDeploymentPostprocessing = 0;
			shellPath = /bin/sh;
			shellScript = "\"${PODS_ROOT}/Target Support Files/Pods-Giftrip-GiftripUITests/Pods-Giftrip-GiftripUITests-resources.sh\"\n";
			showEnvVarsInLog = 0;
		};
		F261857C262D561400EA707C /* R.swift */ = {
			isa = PBXShellScriptBuildPhase;
			buildActionMask = 2147483647;
			files = (
			);
			inputFileListPaths = (
			);
			inputPaths = (
				"$TEMP_DIR/rswift-lastrun",
			);
			name = R.swift;
			outputFileListPaths = (
			);
			outputPaths = (
				$SRCROOT/R.generated.swift,
			);
			runOnlyForDeploymentPostprocessing = 0;
			shellPath = /bin/sh;
			shellScript = "\"$PODS_ROOT/R.swift/rswift\" generate \"$SRCROOT/R.generated.swift\"\n";
		};
		F261857D262D561F00EA707C /* SwiftLint */ = {
			isa = PBXShellScriptBuildPhase;
			buildActionMask = 2147483647;
			files = (
			);
			inputFileListPaths = (
			);
			inputPaths = (
			);
			name = SwiftLint;
			outputFileListPaths = (
			);
			outputPaths = (
			);
			runOnlyForDeploymentPostprocessing = 0;
			shellPath = /bin/sh;
			shellScript = "${PODS_ROOT}/SwiftLint/swiftlint\n";
		};
/* End PBXShellScriptBuildPhase section */

/* Begin PBXSourcesBuildPhase section */
		F261850C262D4C4F00EA707C /* Sources */ = {
			isa = PBXSourcesBuildPhase;
			buildActionMask = 2147483647;
			files = (
				F2D2FBC3265E2F3A0010731F /* HandleResponse.swift in Sources */,
				F2A5C82D266E55620075F351 /* List.swift in Sources */,
				F2BEBBFD267597CC0007E50A /* HomeFocusView.swift in Sources */,
				F2C09D2D266F67F50070A5DA /* UIScrollView+Rx.swift in Sources */,
				F2D2FBCA265F35800010731F /* RegisterAuthCodeViewReactor.swift in Sources */,
				F279C6252643CF5D008EA8C4 /* HomeFlow.swift in Sources */,
				F2D2FBB7265DED200010731F /* UIImageView+Kingfisher.swift in Sources */,
				F2A464D0262E76D600D4238E /* AppServices.swift in Sources */,
				F2D2FBDD26652F4F0010731F /* SpotListViewController.swift in Sources */,
				F2D2FBC7265F1DCF0010731F /* DateFormatter.swift in Sources */,
				F279C6492643EE17008EA8C4 /* RegisterInfoViewController.swift in Sources */,
				F2A5C827266E179C0075F351 /* Quiz.swift in Sources */,
				F22ACDE026314D940070781D /* UserService.swift in Sources */,
				F279C6572644066B008EA8C4 /* GiftripPlainButton.swift in Sources */,
				F279C63C2643EDC5008EA8C4 /* LoginViewReactor.swift in Sources */,
				F279C6452643EE0C008EA8C4 /* RegisterPhoneViewController.swift in Sources */,
				F2618514262D4C4F00EA707C /* AppDelegate.swift in Sources */,
				F279C6292643CFB1008EA8C4 /* SettingsFlow.swift in Sources */,
				F2A5C829266E195A0075F351 /* QuizResult.swift in Sources */,
				F279C64F2643FC17008EA8C4 /* UIViewPreview.swift in Sources */,
				F279C6272643CF6E008EA8C4 /* RankFlow.swift in Sources */,
				F279C64B2643FBE2008EA8C4 /* CGFloatLiteral.swift in Sources */,
				F279C6552643FC5D008EA8C4 /* ValidationResult.swift in Sources */,
				F279C6212643CF3F008EA8C4 /* TabBarViewController.swift in Sources */,
				F2C09D26266F127D0070A5DA /* SpotListViewSection.swift in Sources */,
				F279C65B26440A65008EA8C4 /* PrivacyPolicyViewReactor.swift in Sources */,
				F2D2FBD62664CECB0010731F /* HomeViewController.swift in Sources */,
				F279C64D2643FBFF008EA8C4 /* UIViewControllerPreview.swift in Sources */,
				F2D2FBDC26652F4F0010731F /* SpotListViewReactor.swift in Sources */,
				F2A5C825266E0ACC0075F351 /* SpotService.swift in Sources */,
				F279C6342643ED9F008EA8C4 /* SplashViewReactor.swift in Sources */,
				F2D2FBD52664CECB0010731F /* HomeViewReactor.swift in Sources */,
				F2C09D21266F0D0F0070A5DA /* SpotListCell.swift in Sources */,
				F279C6442643EE0C008EA8C4 /* RegisterPhoneViewReactor.swift in Sources */,
				F279C6482643EE17008EA8C4 /* RegisterInfoViewReactor.swift in Sources */,
				F2A46432262D753F00D4238E /* BaseViewController.swift in Sources */,
				F2C09D23266F0DE80070A5DA /* SpotListCellReactor.swift in Sources */,
				F22ACDB8263022180070781D /* User.swift in Sources */,
				F2A464C0262E682300D4238E /* ModelType.swift in Sources */,
				F2D2FBCB265F35800010731F /* RegisterAuthCodeViewController.swift in Sources */,
				F2D2FBC5265E2FB50010731F /* ErrorResponse.swift in Sources */,
				F279C6532643FC48008EA8C4 /* Message.swift in Sources */,
				F279C65E26440CF2008EA8C4 /* GiftripTextField.swift in Sources */,
				F279C63D2643EDC5008EA8C4 /* LoginViewController.swift in Sources */,
				F2429BF1262D60A1009FD306 /* Preview.swift in Sources */,
				F2429BC8262D5DB8009FD306 /* R.generated.swift in Sources */,
				F2D75663267356D00045F821 /* UITableView+Rx.swift in Sources */,
				F2A4647E262D791E00D4238E /* GiftripStep.swift in Sources */,
				F279C6382643EDBC008EA8C4 /* IntroViewReactor.swift in Sources */,
				F279C6392643EDBC008EA8C4 /* IntroViewController.swift in Sources */,
				F22ACDB3262FF4B70070781D /* GiftripAPI.swift in Sources */,
				F2A464B5262DA6F600D4238E /* AuthPlugin.swift in Sources */,
				F279C62D2643DE34008EA8C4 /* GiftFlow.swift in Sources */,
				F2D2FBBD265E0E5F0010731F /* KeyboardTopButton.swift in Sources */,
				F2A464BB262E65F300D4238E /* Token.swift in Sources */,
				F2D2FBD82664FC0E0010731F /* CourseSearchBarView.swift in Sources */,
				F2A464A1262DA07900D4238E /* Network.swift in Sources */,
				F2C09D28266F2ABE0070A5DA /* RefreshControl.swift in Sources */,
				F279C6352643ED9F008EA8C4 /* SplashViewController.swift in Sources */,
				F2350A7426340B9E000C523B /* AuthAPI.swift in Sources */,
				F2D2FBC0265E18450010731F /* AuthCodeResponse.swift in Sources */,
				F2A46499262DA07200D4238E /* BaseAPI.swift in Sources */,
				F279C6232643CF51008EA8C4 /* TabBarFlow.swift in Sources */,
				F2A464A7262DA1A200D4238E /* RequestLoggingPlugin.swift in Sources */,
				F279C61D2643CF19008EA8C4 /* AppFlow.swift in Sources */,
				F2C09D2A266F5C570070A5DA /* UIScrollView+ScrollToBottom.swift in Sources */,
				F279C61F2643CF2C008EA8C4 /* IntroFlow.swift in Sources */,
				F279C6512643FC34008EA8C4 /* HapticFeedback.swift in Sources */,
				F279C65C26440A65008EA8C4 /* PrivacyPolicyViewController.swift in Sources */,
				F279C62B2643CFCB008EA8C4 /* NotificationFlow.swift in Sources */,
				F2A5C82B266E52E20075F351 /* Spot.swift in Sources */,
				F2C09D1F266F0C050070A5DA /* BaseTableViewCell.swift in Sources */,
				F22ACDA6262FE47E0070781D /* AuthService.swift in Sources */,
			);
			runOnlyForDeploymentPostprocessing = 0;
		};
		F2618522262D4C5100EA707C /* Sources */ = {
			isa = PBXSourcesBuildPhase;
			buildActionMask = 2147483647;
			files = (
				F261852B262D4C5100EA707C /* GiftripTests.swift in Sources */,
			);
			runOnlyForDeploymentPostprocessing = 0;
		};
		F261852D262D4C5100EA707C /* Sources */ = {
			isa = PBXSourcesBuildPhase;
			buildActionMask = 2147483647;
			files = (
				F2618536262D4C5100EA707C /* GiftripUITests.swift in Sources */,
			);
			runOnlyForDeploymentPostprocessing = 0;
		};
/* End PBXSourcesBuildPhase section */

/* Begin PBXTargetDependency section */
		F2618528262D4C5100EA707C /* PBXTargetDependency */ = {
			isa = PBXTargetDependency;
			target = F261850F262D4C4F00EA707C /* Giftrip */;
			targetProxy = F2618527262D4C5100EA707C /* PBXContainerItemProxy */;
		};
		F2618533262D4C5100EA707C /* PBXTargetDependency */ = {
			isa = PBXTargetDependency;
			target = F261850F262D4C4F00EA707C /* Giftrip */;
			targetProxy = F2618532262D4C5100EA707C /* PBXContainerItemProxy */;
		};
/* End PBXTargetDependency section */

/* Begin PBXVariantGroup section */
		F261851E262D4C5100EA707C /* LaunchScreen.storyboard */ = {
			isa = PBXVariantGroup;
			children = (
				F261851F262D4C5100EA707C /* Base */,
			);
			name = LaunchScreen.storyboard;
			sourceTree = "<group>";
		};
/* End PBXVariantGroup section */

/* Begin XCBuildConfiguration section */
		F2618538262D4C5100EA707C /* Debug */ = {
			isa = XCBuildConfiguration;
			buildSettings = {
				ALWAYS_SEARCH_USER_PATHS = NO;
				CLANG_ANALYZER_NONNULL = YES;
				CLANG_ANALYZER_NUMBER_OBJECT_CONVERSION = YES_AGGRESSIVE;
				CLANG_CXX_LANGUAGE_STANDARD = "gnu++14";
				CLANG_CXX_LIBRARY = "libc++";
				CLANG_ENABLE_MODULES = YES;
				CLANG_ENABLE_OBJC_ARC = YES;
				CLANG_ENABLE_OBJC_WEAK = YES;
				CLANG_WARN_BLOCK_CAPTURE_AUTORELEASING = YES;
				CLANG_WARN_BOOL_CONVERSION = YES;
				CLANG_WARN_COMMA = YES;
				CLANG_WARN_CONSTANT_CONVERSION = YES;
				CLANG_WARN_DEPRECATED_OBJC_IMPLEMENTATIONS = YES;
				CLANG_WARN_DIRECT_OBJC_ISA_USAGE = YES_ERROR;
				CLANG_WARN_DOCUMENTATION_COMMENTS = YES;
				CLANG_WARN_EMPTY_BODY = YES;
				CLANG_WARN_ENUM_CONVERSION = YES;
				CLANG_WARN_INFINITE_RECURSION = YES;
				CLANG_WARN_INT_CONVERSION = YES;
				CLANG_WARN_NON_LITERAL_NULL_CONVERSION = YES;
				CLANG_WARN_OBJC_IMPLICIT_RETAIN_SELF = YES;
				CLANG_WARN_OBJC_LITERAL_CONVERSION = YES;
				CLANG_WARN_OBJC_ROOT_CLASS = YES_ERROR;
				CLANG_WARN_QUOTED_INCLUDE_IN_FRAMEWORK_HEADER = YES;
				CLANG_WARN_RANGE_LOOP_ANALYSIS = YES;
				CLANG_WARN_STRICT_PROTOTYPES = YES;
				CLANG_WARN_SUSPICIOUS_MOVE = YES;
				CLANG_WARN_UNGUARDED_AVAILABILITY = YES_AGGRESSIVE;
				CLANG_WARN_UNREACHABLE_CODE = YES;
				CLANG_WARN__DUPLICATE_METHOD_MATCH = YES;
				COPY_PHASE_STRIP = NO;
				DEBUG_INFORMATION_FORMAT = dwarf;
				ENABLE_STRICT_OBJC_MSGSEND = YES;
				ENABLE_TESTABILITY = YES;
				GCC_C_LANGUAGE_STANDARD = gnu11;
				GCC_DYNAMIC_NO_PIC = NO;
				GCC_NO_COMMON_BLOCKS = YES;
				GCC_OPTIMIZATION_LEVEL = 0;
				GCC_PREPROCESSOR_DEFINITIONS = (
					"DEBUG=1",
					"$(inherited)",
				);
				GCC_WARN_64_TO_32_BIT_CONVERSION = YES;
				GCC_WARN_ABOUT_RETURN_TYPE = YES_ERROR;
				GCC_WARN_UNDECLARED_SELECTOR = YES;
				GCC_WARN_UNINITIALIZED_AUTOS = YES_AGGRESSIVE;
				GCC_WARN_UNUSED_FUNCTION = YES;
				GCC_WARN_UNUSED_VARIABLE = YES;
				IPHONEOS_DEPLOYMENT_TARGET = 13.0;
				MTL_ENABLE_DEBUG_INFO = INCLUDE_SOURCE;
				MTL_FAST_MATH = YES;
				ONLY_ACTIVE_ARCH = YES;
				SDKROOT = iphoneos;
				SWIFT_ACTIVE_COMPILATION_CONDITIONS = DEBUG;
				SWIFT_OPTIMIZATION_LEVEL = "-Onone";
			};
			name = Debug;
		};
		F2618539262D4C5100EA707C /* Release */ = {
			isa = XCBuildConfiguration;
			buildSettings = {
				ALWAYS_SEARCH_USER_PATHS = NO;
				CLANG_ANALYZER_NONNULL = YES;
				CLANG_ANALYZER_NUMBER_OBJECT_CONVERSION = YES_AGGRESSIVE;
				CLANG_CXX_LANGUAGE_STANDARD = "gnu++14";
				CLANG_CXX_LIBRARY = "libc++";
				CLANG_ENABLE_MODULES = YES;
				CLANG_ENABLE_OBJC_ARC = YES;
				CLANG_ENABLE_OBJC_WEAK = YES;
				CLANG_WARN_BLOCK_CAPTURE_AUTORELEASING = YES;
				CLANG_WARN_BOOL_CONVERSION = YES;
				CLANG_WARN_COMMA = YES;
				CLANG_WARN_CONSTANT_CONVERSION = YES;
				CLANG_WARN_DEPRECATED_OBJC_IMPLEMENTATIONS = YES;
				CLANG_WARN_DIRECT_OBJC_ISA_USAGE = YES_ERROR;
				CLANG_WARN_DOCUMENTATION_COMMENTS = YES;
				CLANG_WARN_EMPTY_BODY = YES;
				CLANG_WARN_ENUM_CONVERSION = YES;
				CLANG_WARN_INFINITE_RECURSION = YES;
				CLANG_WARN_INT_CONVERSION = YES;
				CLANG_WARN_NON_LITERAL_NULL_CONVERSION = YES;
				CLANG_WARN_OBJC_IMPLICIT_RETAIN_SELF = YES;
				CLANG_WARN_OBJC_LITERAL_CONVERSION = YES;
				CLANG_WARN_OBJC_ROOT_CLASS = YES_ERROR;
				CLANG_WARN_QUOTED_INCLUDE_IN_FRAMEWORK_HEADER = YES;
				CLANG_WARN_RANGE_LOOP_ANALYSIS = YES;
				CLANG_WARN_STRICT_PROTOTYPES = YES;
				CLANG_WARN_SUSPICIOUS_MOVE = YES;
				CLANG_WARN_UNGUARDED_AVAILABILITY = YES_AGGRESSIVE;
				CLANG_WARN_UNREACHABLE_CODE = YES;
				CLANG_WARN__DUPLICATE_METHOD_MATCH = YES;
				COPY_PHASE_STRIP = NO;
				DEBUG_INFORMATION_FORMAT = "dwarf-with-dsym";
				ENABLE_NS_ASSERTIONS = NO;
				ENABLE_STRICT_OBJC_MSGSEND = YES;
				GCC_C_LANGUAGE_STANDARD = gnu11;
				GCC_NO_COMMON_BLOCKS = YES;
				GCC_WARN_64_TO_32_BIT_CONVERSION = YES;
				GCC_WARN_ABOUT_RETURN_TYPE = YES_ERROR;
				GCC_WARN_UNDECLARED_SELECTOR = YES;
				GCC_WARN_UNINITIALIZED_AUTOS = YES_AGGRESSIVE;
				GCC_WARN_UNUSED_FUNCTION = YES;
				GCC_WARN_UNUSED_VARIABLE = YES;
				IPHONEOS_DEPLOYMENT_TARGET = 13.0;
				MTL_ENABLE_DEBUG_INFO = NO;
				MTL_FAST_MATH = YES;
				SDKROOT = iphoneos;
				SWIFT_COMPILATION_MODE = wholemodule;
				SWIFT_OPTIMIZATION_LEVEL = "-O";
				VALIDATE_PRODUCT = YES;
			};
			name = Release;
		};
		F261853B262D4C5100EA707C /* Debug */ = {
			isa = XCBuildConfiguration;
			baseConfigurationReference = 89F50BA64AC3BF9CE28923D1 /* Pods-Giftrip.debug.xcconfig */;
			buildSettings = {
				ALWAYS_EMBED_SWIFT_STANDARD_LIBRARIES = "$(inherited)";
				ASSETCATALOG_COMPILER_APPICON_NAME = AppIcon;
				ASSETCATALOG_COMPILER_GLOBAL_ACCENT_COLOR_NAME = AccentColor;
				CODE_SIGN_STYLE = Automatic;
				DEVELOPMENT_TEAM = 7278J676A8;
				INFOPLIST_FILE = Giftrip/SupportFile/Info.plist;
				LD_RUNPATH_SEARCH_PATHS = (
					"$(inherited)",
					"@executable_path/Frameworks",
				);
				OTHER_LDFLAGS = (
					"$(inherited)",
					"-l\"c++\"",
					"-l\"z\"",
					"-framework",
					"\"Accelerate\"",
					"-framework",
					"\"Alamofire\"",
					"-framework",
					"\"CFNetwork\"",
					"-framework",
					"\"CoreData\"",
					"-framework",
					"\"CoreGraphics\"",
					"-framework",
					"\"CoreImage\"",
					"-framework",
					"\"CoreLocation\"",
					"-framework",
					"\"CoreTelephony\"",
					"-framework",
					"\"CoreText\"",
					"-framework",
					"\"CryptoSwift\"",
					"-framework",
					"\"Differentiator\"",
					"-framework",
					"\"DrawerView\"",
					"-framework",
					"\"Foundation\"",
					"-framework",
					"\"GLKit\"",
					"-framework",
					"\"GoogleMaps\"",
					"-framework",
					"\"GoogleMapsBase\"",
					"-framework",
					"\"GoogleMapsCore\"",
					"-framework",
					"\"ImageIO\"",
					"-framework",
					"\"KeychainAccess\"",
					"-framework",
					"\"Kingfisher\"",
					"-framework",
					"\"Metal\"",
					"-framework",
					"\"Moya\"",
					"-framework",
					"\"OpenGLES\"",
					"-framework",
					"\"QuartzCore\"",
					"-framework",
					"\"ReactorKit\"",
					"-framework",
					"\"Realm\"",
					"-framework",
					"\"RealmSwift\"",
					"-framework",
					"\"ReusableKit\"",
					"-framework",
					"\"Rswift\"",
					"-framework",
					"\"RxCocoa\"",
					"-framework",
					"\"RxDataSources\"",
					"-framework",
					"\"RxFlow\"",
					"-framework",
					"\"RxGesture\"",
					"-framework",
					"\"RxOptional\"",
					"-framework",
					"\"RxRelay\"",
					"-framework",
					"\"RxSwift\"",
					"-framework",
					"\"RxViewController\"",
					"-framework",
					"\"Security\"",
					"-framework",
					"\"SnapKit\"",
					"-framework",
					"\"SwiftMessages\"",
					"-framework",
					"\"SystemConfiguration\"",
					"-framework",
					"\"Then\"",
					"-framework",
					"\"UIKit\"",
					"-framework",
					"\"WeakMapTable\"",
					"-weak_framework",
					"\"Combine\"",
					"-weak_framework",
					"\"SwiftUI\"",
				);
				PRODUCT_BUNDLE_IDENTIFIER = com.flash21.Giftrip;
				PRODUCT_NAME = "$(TARGET_NAME)";
				SWIFT_VERSION = 5.0;
				TARGETED_DEVICE_FAMILY = "1,2";
			};
			name = Debug;
		};
		F261853C262D4C5100EA707C /* Release */ = {
			isa = XCBuildConfiguration;
			baseConfigurationReference = DD9FA1D50A63A2057F853D66 /* Pods-Giftrip.release.xcconfig */;
			buildSettings = {
				ALWAYS_EMBED_SWIFT_STANDARD_LIBRARIES = "$(inherited)";
				ASSETCATALOG_COMPILER_APPICON_NAME = AppIcon;
				ASSETCATALOG_COMPILER_GLOBAL_ACCENT_COLOR_NAME = AccentColor;
				CODE_SIGN_STYLE = Automatic;
				DEVELOPMENT_TEAM = 7278J676A8;
				INFOPLIST_FILE = Giftrip/SupportFile/Info.plist;
				LD_RUNPATH_SEARCH_PATHS = (
					"$(inherited)",
					"@executable_path/Frameworks",
				);
				OTHER_LDFLAGS = (
					"$(inherited)",
					"-l\"c++\"",
					"-l\"z\"",
					"-framework",
					"\"Accelerate\"",
					"-framework",
					"\"Alamofire\"",
					"-framework",
					"\"CFNetwork\"",
					"-framework",
					"\"CoreData\"",
					"-framework",
					"\"CoreGraphics\"",
					"-framework",
					"\"CoreImage\"",
					"-framework",
					"\"CoreLocation\"",
					"-framework",
					"\"CoreTelephony\"",
					"-framework",
					"\"CoreText\"",
					"-framework",
					"\"CryptoSwift\"",
					"-framework",
					"\"Differentiator\"",
					"-framework",
					"\"DrawerView\"",
					"-framework",
					"\"Foundation\"",
					"-framework",
					"\"GLKit\"",
					"-framework",
					"\"GoogleMaps\"",
					"-framework",
					"\"GoogleMapsBase\"",
					"-framework",
					"\"GoogleMapsCore\"",
					"-framework",
					"\"ImageIO\"",
					"-framework",
					"\"KeychainAccess\"",
					"-framework",
					"\"Kingfisher\"",
					"-framework",
					"\"Metal\"",
					"-framework",
					"\"Moya\"",
					"-framework",
					"\"OpenGLES\"",
					"-framework",
					"\"QuartzCore\"",
					"-framework",
					"\"ReactorKit\"",
					"-framework",
					"\"Realm\"",
					"-framework",
					"\"RealmSwift\"",
					"-framework",
					"\"ReusableKit\"",
					"-framework",
					"\"Rswift\"",
					"-framework",
					"\"RxCocoa\"",
					"-framework",
					"\"RxDataSources\"",
					"-framework",
					"\"RxFlow\"",
					"-framework",
					"\"RxGesture\"",
					"-framework",
					"\"RxOptional\"",
					"-framework",
					"\"RxRelay\"",
					"-framework",
					"\"RxSwift\"",
					"-framework",
					"\"RxViewController\"",
					"-framework",
					"\"Security\"",
					"-framework",
					"\"SnapKit\"",
					"-framework",
					"\"SwiftMessages\"",
					"-framework",
					"\"SystemConfiguration\"",
					"-framework",
					"\"Then\"",
					"-framework",
					"\"UIKit\"",
					"-framework",
					"\"WeakMapTable\"",
					"-weak_framework",
					"\"Combine\"",
					"-weak_framework",
					"\"SwiftUI\"",
				);
				PRODUCT_BUNDLE_IDENTIFIER = com.flash21.Giftrip;
				PRODUCT_NAME = "$(TARGET_NAME)";
				SWIFT_VERSION = 5.0;
				TARGETED_DEVICE_FAMILY = "1,2";
			};
			name = Release;
		};
		F261853E262D4C5100EA707C /* Debug */ = {
			isa = XCBuildConfiguration;
			baseConfigurationReference = 78FC2AD618736D19428AB189 /* Pods-GiftripTests.debug.xcconfig */;
			buildSettings = {
				ALWAYS_EMBED_SWIFT_STANDARD_LIBRARIES = YES;
				BUNDLE_LOADER = "$(TEST_HOST)";
				CODE_SIGN_STYLE = Automatic;
				DEVELOPMENT_TEAM = 7278J676A8;
				INFOPLIST_FILE = GiftripTests/Info.plist;
				IPHONEOS_DEPLOYMENT_TARGET = 14.4;
				LD_RUNPATH_SEARCH_PATHS = (
					"$(inherited)",
					"@executable_path/Frameworks",
					"@loader_path/Frameworks",
				);
				PRODUCT_BUNDLE_IDENTIFIER = com.flash21.GiftripTests;
				PRODUCT_NAME = "$(TARGET_NAME)";
				SWIFT_VERSION = 5.0;
				TARGETED_DEVICE_FAMILY = "1,2";
				TEST_HOST = "$(BUILT_PRODUCTS_DIR)/Giftrip.app/Giftrip";
			};
			name = Debug;
		};
		F261853F262D4C5100EA707C /* Release */ = {
			isa = XCBuildConfiguration;
			baseConfigurationReference = 27B7557EF7245E0D9BA83773 /* Pods-GiftripTests.release.xcconfig */;
			buildSettings = {
				ALWAYS_EMBED_SWIFT_STANDARD_LIBRARIES = YES;
				BUNDLE_LOADER = "$(TEST_HOST)";
				CODE_SIGN_STYLE = Automatic;
				DEVELOPMENT_TEAM = 7278J676A8;
				INFOPLIST_FILE = GiftripTests/Info.plist;
				IPHONEOS_DEPLOYMENT_TARGET = 14.4;
				LD_RUNPATH_SEARCH_PATHS = (
					"$(inherited)",
					"@executable_path/Frameworks",
					"@loader_path/Frameworks",
				);
				PRODUCT_BUNDLE_IDENTIFIER = com.flash21.GiftripTests;
				PRODUCT_NAME = "$(TARGET_NAME)";
				SWIFT_VERSION = 5.0;
				TARGETED_DEVICE_FAMILY = "1,2";
				TEST_HOST = "$(BUILT_PRODUCTS_DIR)/Giftrip.app/Giftrip";
			};
			name = Release;
		};
		F2618541262D4C5100EA707C /* Debug */ = {
			isa = XCBuildConfiguration;
			baseConfigurationReference = 141F064760E7636752786F12 /* Pods-Giftrip-GiftripUITests.debug.xcconfig */;
			buildSettings = {
				ALWAYS_EMBED_SWIFT_STANDARD_LIBRARIES = YES;
				CODE_SIGN_STYLE = Automatic;
				DEVELOPMENT_TEAM = 7278J676A8;
				INFOPLIST_FILE = GiftripUITests/Info.plist;
				LD_RUNPATH_SEARCH_PATHS = (
					"$(inherited)",
					"@executable_path/Frameworks",
					"@loader_path/Frameworks",
				);
				PRODUCT_BUNDLE_IDENTIFIER = com.flash21.GiftripUITests;
				PRODUCT_NAME = "$(TARGET_NAME)";
				SWIFT_VERSION = 5.0;
				TARGETED_DEVICE_FAMILY = "1,2";
				TEST_TARGET_NAME = Giftrip;
			};
			name = Debug;
		};
		F2618542262D4C5100EA707C /* Release */ = {
			isa = XCBuildConfiguration;
			baseConfigurationReference = 687F4D9571E9CBE8643C43F7 /* Pods-Giftrip-GiftripUITests.release.xcconfig */;
			buildSettings = {
				ALWAYS_EMBED_SWIFT_STANDARD_LIBRARIES = YES;
				CODE_SIGN_STYLE = Automatic;
				DEVELOPMENT_TEAM = 7278J676A8;
				INFOPLIST_FILE = GiftripUITests/Info.plist;
				LD_RUNPATH_SEARCH_PATHS = (
					"$(inherited)",
					"@executable_path/Frameworks",
					"@loader_path/Frameworks",
				);
				PRODUCT_BUNDLE_IDENTIFIER = com.flash21.GiftripUITests;
				PRODUCT_NAME = "$(TARGET_NAME)";
				SWIFT_VERSION = 5.0;
				TARGETED_DEVICE_FAMILY = "1,2";
				TEST_TARGET_NAME = Giftrip;
			};
			name = Release;
		};
/* End XCBuildConfiguration section */

/* Begin XCConfigurationList section */
		F261850B262D4C4F00EA707C /* Build configuration list for PBXProject "Giftrip" */ = {
			isa = XCConfigurationList;
			buildConfigurations = (
				F2618538262D4C5100EA707C /* Debug */,
				F2618539262D4C5100EA707C /* Release */,
			);
			defaultConfigurationIsVisible = 0;
			defaultConfigurationName = Release;
		};
		F261853A262D4C5100EA707C /* Build configuration list for PBXNativeTarget "Giftrip" */ = {
			isa = XCConfigurationList;
			buildConfigurations = (
				F261853B262D4C5100EA707C /* Debug */,
				F261853C262D4C5100EA707C /* Release */,
			);
			defaultConfigurationIsVisible = 0;
			defaultConfigurationName = Release;
		};
		F261853D262D4C5100EA707C /* Build configuration list for PBXNativeTarget "GiftripTests" */ = {
			isa = XCConfigurationList;
			buildConfigurations = (
				F261853E262D4C5100EA707C /* Debug */,
				F261853F262D4C5100EA707C /* Release */,
			);
			defaultConfigurationIsVisible = 0;
			defaultConfigurationName = Release;
		};
		F2618540262D4C5100EA707C /* Build configuration list for PBXNativeTarget "GiftripUITests" */ = {
			isa = XCConfigurationList;
			buildConfigurations = (
				F2618541262D4C5100EA707C /* Debug */,
				F2618542262D4C5100EA707C /* Release */,
			);
			defaultConfigurationIsVisible = 0;
			defaultConfigurationName = Release;
		};
/* End XCConfigurationList section */
	};
	rootObject = F2618508262D4C4F00EA707C /* Project object */;
}
